# THIS IS AN AUTOGENERATED FILE. DO NOT EDIT THIS FILE DIRECTLY.
# yarn lockfile v1


"@babel/parser@^7.16.4":
  version "7.20.5"
  resolved "https://registry.yarnpkg.com/@babel/parser/-/parser-7.20.5.tgz#7f3c7335fe417665d929f34ae5dceae4c04015e8"
  integrity sha512-r27t/cy/m9uKLXQNWWebeCUHgnAZq0CpG1OwKRxzJMP1vpSU4bSIK2hq+/cp0bQxetkXx38n09rNu8jVkcK/zA==

"@casl/ability@^5.4.3":
  version "5.4.4"
  resolved "https://registry.yarnpkg.com/@casl/ability/-/ability-5.4.4.tgz#fbe54340c156248e73804942eed350903b27b9f3"
  integrity sha512-7+GOnMUq6q4fqtDDesymBXTS9LSDVezYhFiSJ8Rn3f0aQLeRm7qHn66KWbej4niCOvm0XzNj9jzpkK0yz6hUww==
  dependencies:
    "@ucast/mongo2js" "^1.3.0"

"@casl/vue@^2.1.2":
  version "2.2.0"
  resolved "https://registry.yarnpkg.com/@casl/vue/-/vue-2.2.0.tgz#b1ea5082a2468933a1b83e2832c612dd24e912c5"
  integrity sha512-3Hjem0brEd0t8NAtzWEK0Nt37kIhMvJUTnxoSMaRXHfz1gDBHW8jyOa68uW4jjAdNYt6tEI7CG104FcDdaofCQ==

"@esbuild/android-arm64@0.16.4":
  version "0.16.4"
  resolved "https://registry.yarnpkg.com/@esbuild/android-arm64/-/android-arm64-0.16.4.tgz#4b31b9e3da2e4c12a8170bd682f713c775f68ab1"
  integrity sha512-VPuTzXFm/m2fcGfN6CiwZTlLzxrKsWbPkG7ArRFpuxyaHUm/XFHQPD4xNwZT6uUmpIHhnSjcaCmcla8COzmZ5Q==

"@esbuild/android-arm@0.16.4":
  version "0.16.4"
  resolved "https://registry.yarnpkg.com/@esbuild/android-arm/-/android-arm-0.16.4.tgz#057d3e8b0ee41ff59386c33ba6dcf20f4bedd1f7"
  integrity sha512-rZzb7r22m20S1S7ufIc6DC6W659yxoOrl7sKP1nCYhuvUlnCFHVSbATG4keGUtV8rDz11sRRDbWkvQZpzPaHiw==

"@esbuild/android-x64@0.16.4":
  version "0.16.4"
  resolved "https://registry.yarnpkg.com/@esbuild/android-x64/-/android-x64-0.16.4.tgz#62ccab8ac1d3e6ef1df3fa2e1974bc2b8528d74a"
  integrity sha512-MW+B2O++BkcOfMWmuHXB15/l1i7wXhJFqbJhp82IBOais8RBEQv2vQz/jHrDEHaY2X0QY7Wfw86SBL2PbVOr0g==

"@esbuild/darwin-arm64@0.16.4":
  version "0.16.4"
  resolved "https://registry.yarnpkg.com/@esbuild/darwin-arm64/-/darwin-arm64-0.16.4.tgz#c19a6489d626c36fc611c85ccd8a3333c1f2a930"
  integrity sha512-a28X1O//aOfxwJVZVs7ZfM8Tyih2Za4nKJrBwW5Wm4yKsnwBy9aiS/xwpxiiTRttw3EaTg4Srerhcm6z0bu9Wg==

"@esbuild/darwin-x64@0.16.4":
  version "0.16.4"
  resolved "https://registry.yarnpkg.com/@esbuild/darwin-x64/-/darwin-x64-0.16.4.tgz#b726bbc84a1e277f6ec2509d10b8ee03f242b776"
  integrity sha512-e3doCr6Ecfwd7VzlaQqEPrnbvvPjE9uoTpxG5pyLzr2rI2NMjDHmvY1E5EO81O/e9TUOLLkXA5m6T8lfjK9yAA==

"@esbuild/freebsd-arm64@0.16.4":
  version "0.16.4"
  resolved "https://registry.yarnpkg.com/@esbuild/freebsd-arm64/-/freebsd-arm64-0.16.4.tgz#364568e6ca2901297f247de0681c9b14bbe658c8"
  integrity sha512-Oup3G/QxBgvvqnXWrBed7xxkFNwAwJVHZcklWyQt7YCAL5bfUkaa6FVWnR78rNQiM8MqqLiT6ZTZSdUFuVIg1w==

"@esbuild/freebsd-x64@0.16.4":
  version "0.16.4"
  resolved "https://registry.yarnpkg.com/@esbuild/freebsd-x64/-/freebsd-x64-0.16.4.tgz#44701ba4a5497ba64eec0a6c9e221d8f46a25e72"
  integrity sha512-vAP+eYOxlN/Bpo/TZmzEQapNS8W1njECrqkTpNgvXskkkJC2AwOXwZWai/Kc2vEFZUXQttx6UJbj9grqjD/+9Q==

"@esbuild/linux-arm64@0.16.4":
  version "0.16.4"
  resolved "https://registry.yarnpkg.com/@esbuild/linux-arm64/-/linux-arm64-0.16.4.tgz#b58fb418ec9ac714d8dbb38c787ff2441eb1d9db"
  integrity sha512-2zXoBhv4r5pZiyjBKrOdFP4CXOChxXiYD50LRUU+65DkdS5niPFHbboKZd/c81l0ezpw7AQnHeoCy5hFrzzs4g==

"@esbuild/linux-arm@0.16.4":
  version "0.16.4"
  resolved "https://registry.yarnpkg.com/@esbuild/linux-arm/-/linux-arm-0.16.4.tgz#b37f15ecddb53eeea466e5960e31a58f33e0e87e"
  integrity sha512-A47ZmtpIPyERxkSvIv+zLd6kNIOtJH03XA0Hy7jaceRDdQaQVGSDt4mZqpWqJYgDk9rg96aglbF6kCRvPGDSUA==

"@esbuild/linux-ia32@0.16.4":
  version "0.16.4"
  resolved "https://registry.yarnpkg.com/@esbuild/linux-ia32/-/linux-ia32-0.16.4.tgz#117e32a9680b5deac184ebee122f8575369fad1b"
  integrity sha512-uxdSrpe9wFhz4yBwt2kl2TxS/NWEINYBUFIxQtaEVtglm1eECvsj1vEKI0KX2k2wCe17zDdQ3v+jVxfwVfvvjw==

"@esbuild/linux-loong64@0.16.4":
  version "0.16.4"
  resolved "https://registry.yarnpkg.com/@esbuild/linux-loong64/-/linux-loong64-0.16.4.tgz#dd504fb83c280752d4b485d9acb3cf391cb7bf5b"
  integrity sha512-peDrrUuxbZ9Jw+DwLCh/9xmZAk0p0K1iY5d2IcwmnN+B87xw7kujOkig6ZRcZqgrXgeRGurRHn0ENMAjjD5DEg==

"@esbuild/linux-mips64el@0.16.4":
  version "0.16.4"
  resolved "https://registry.yarnpkg.com/@esbuild/linux-mips64el/-/linux-mips64el-0.16.4.tgz#9ab77e31cf3be1e35572afff94b51df8149d15bd"
  integrity sha512-sD9EEUoGtVhFjjsauWjflZklTNr57KdQ6xfloO4yH1u7vNQlOfAlhEzbyBKfgbJlW7rwXYBdl5/NcZ+Mg2XhQA==

"@esbuild/linux-ppc64@0.16.4":
  version "0.16.4"
  resolved "https://registry.yarnpkg.com/@esbuild/linux-ppc64/-/linux-ppc64-0.16.4.tgz#69d56c2a960808bee1c7b9b84a115220ec9ce05c"
  integrity sha512-X1HSqHUX9D+d0l6/nIh4ZZJ94eQky8d8z6yxAptpZE3FxCWYWvTDd9X9ST84MGZEJx04VYUD/AGgciddwO0b8g==

"@esbuild/linux-riscv64@0.16.4":
  version "0.16.4"
  resolved "https://registry.yarnpkg.com/@esbuild/linux-riscv64/-/linux-riscv64-0.16.4.tgz#9fc23583f4a1508a8d352bd376340e42217e8a90"
  integrity sha512-97ANpzyNp0GTXCt6SRdIx1ngwncpkV/z453ZuxbnBROCJ5p/55UjhbaG23UdHj88fGWLKPFtMoU4CBacz4j9FA==

"@esbuild/linux-s390x@0.16.4":
  version "0.16.4"
  resolved "https://registry.yarnpkg.com/@esbuild/linux-s390x/-/linux-s390x-0.16.4.tgz#4cae1f70ac2943f076dd130c3c80d28f57bf75d1"
  integrity sha512-pUvPQLPmbEeJRPjP0DYTC1vjHyhrnCklQmCGYbipkep+oyfTn7GTBJXoPodR7ZS5upmEyc8lzAkn2o29wD786A==

"@esbuild/linux-x64@0.16.4":
  version "0.16.4"
  resolved "https://registry.yarnpkg.com/@esbuild/linux-x64/-/linux-x64-0.16.4.tgz#fdf494de07cda23a2dc4b71ff1e0848e4ee6539c"
  integrity sha512-N55Q0mJs3Sl8+utPRPBrL6NLYZKBCLLx0bme/+RbjvMforTGGzFvsRl4xLTZMUBFC1poDzBEPTEu5nxizQ9Nlw==

"@esbuild/netbsd-x64@0.16.4":
  version "0.16.4"
  resolved "https://registry.yarnpkg.com/@esbuild/netbsd-x64/-/netbsd-x64-0.16.4.tgz#b59ecb49087119c575c0f64d7e66001d52799e24"
  integrity sha512-LHSJLit8jCObEQNYkgsDYBh2JrJT53oJO2HVdkSYLa6+zuLJh0lAr06brXIkljrlI+N7NNW1IAXGn/6IZPi3YQ==

"@esbuild/openbsd-x64@0.16.4":
  version "0.16.4"
  resolved "https://registry.yarnpkg.com/@esbuild/openbsd-x64/-/openbsd-x64-0.16.4.tgz#c51e36db875948b7b11d08bafa355605a1aa289c"
  integrity sha512-nLgdc6tWEhcCFg/WVFaUxHcPK3AP/bh+KEwKtl69Ay5IBqUwKDaq/6Xk0E+fh/FGjnLwqFSsarsbPHeKM8t8Sw==

"@esbuild/sunos-x64@0.16.4":
  version "0.16.4"
  resolved "https://registry.yarnpkg.com/@esbuild/sunos-x64/-/sunos-x64-0.16.4.tgz#0b50e941cd44f069e9f2573321aec984244ec228"
  integrity sha512-08SluG24GjPO3tXKk95/85n9kpyZtXCVwURR2i4myhrOfi3jspClV0xQQ0W0PYWHioJj+LejFMt41q+PG3mlAQ==

"@esbuild/win32-arm64@0.16.4":
  version "0.16.4"
  resolved "https://registry.yarnpkg.com/@esbuild/win32-arm64/-/win32-arm64-0.16.4.tgz#d1c93b20f17355ab2221cd18e13ae2f1b68013e3"
  integrity sha512-yYiRDQcqLYQSvNQcBKN7XogbrSvBE45FEQdH8fuXPl7cngzkCvpsG2H9Uey39IjQ6gqqc+Q4VXYHsQcKW0OMjQ==

"@esbuild/win32-ia32@0.16.4":
  version "0.16.4"
  resolved "https://registry.yarnpkg.com/@esbuild/win32-ia32/-/win32-ia32-0.16.4.tgz#df5910e76660e0acbbdceb8d4ae6bf1efeade6ae"
  integrity sha512-5rabnGIqexekYkh9zXG5waotq8mrdlRoBqAktjx2W3kb0zsI83mdCwrcAeKYirnUaTGztR5TxXcXmQrEzny83w==

"@esbuild/win32-x64@0.16.4":
  version "0.16.4"
  resolved "https://registry.yarnpkg.com/@esbuild/win32-x64/-/win32-x64-0.16.4.tgz#6ec594468610c176933da1387c609558371d37e0"
  integrity sha512-sN/I8FMPtmtT2Yw+Dly8Ur5vQ5a/RmC8hW7jO9PtPSQUPkowxWpcUZnqOggU7VwyT3Xkj6vcXWd3V/qTXwultQ==

"@popperjs/core@^2.10.2":
  version "2.11.6"
  resolved "https://registry.yarnpkg.com/@popperjs/core/-/core-2.11.6.tgz#cee20bd55e68a1720bdab363ecf0c821ded4cd45"
  integrity sha512-50/17A98tWUfQ176raKiOGXuYpLyyVMkxxG6oylzL3BPOlA6ADGdK7EYunSa4I064xerltq9TGXs8HmOk5E+vw==

"@ucast/core@^1.0.0", "@ucast/core@^1.4.1", "@ucast/core@^1.6.1":
  version "1.10.1"
  resolved "https://registry.yarnpkg.com/@ucast/core/-/core-1.10.1.tgz#03a77a7804bcb5002a5cad3681e86cd1897e2e1f"
  integrity sha512-sXKbvQiagjFh2JCpaHUa64P4UdJbOxYeC5xiZFn8y6iYdb0WkismduE+RmiJrIjw/eLDYmIEXiQeIYYowmkcAw==

"@ucast/js@^3.0.0":
  version "3.0.2"
  resolved "https://registry.yarnpkg.com/@ucast/js/-/js-3.0.2.tgz#862838ee68112c6c262d4f4693cc592ba83157e0"
  integrity sha512-zxNkdIPVvqJjHI7D/iK8Aai1+59yqU+N7bpHFodVmiTN7ukeNiGGpNmmSjQgsUw7eNcEBnPrZHNzp5UBxwmaPw==
  dependencies:
    "@ucast/core" "^1.0.0"

"@ucast/mongo2js@^1.3.0":
  version "1.3.3"
  resolved "https://registry.yarnpkg.com/@ucast/mongo2js/-/mongo2js-1.3.3.tgz#a683a59cea22887a72e4302f3826e41ccf51dbbe"
  integrity sha512-sBPtMUYg+hRnYeVYKL+ATm8FaRPdlU9PijMhGYKgsPGjV9J4Ks41ytIjGayvKUnBOEhiCaKUUnY4qPeifdqATw==
  dependencies:
    "@ucast/core" "^1.6.1"
    "@ucast/js" "^3.0.0"
    "@ucast/mongo" "^2.4.0"

"@ucast/mongo@^2.4.0":
  version "2.4.2"
  resolved "https://registry.yarnpkg.com/@ucast/mongo/-/mongo-2.4.2.tgz#a8a1c32e65ccab623be023e6cedb11d136d50f19"
  integrity sha512-/zH1TdBJlYGKKD+Wh0oyD+aBvDSWrwHcD8b4tUL9UgHLhzHtkEnMVFuxbw3SRIRsAa01wmy06+LWt+WoZdj1Bw==
  dependencies:
    "@ucast/core" "^1.4.1"

"@vitejs/plugin-vue@^4.0.0":
  version "4.0.0"
  resolved "https://registry.yarnpkg.com/@vitejs/plugin-vue/-/plugin-vue-4.0.0.tgz#93815beffd23db46288c787352a8ea31a0c03e5e"
  integrity sha512-e0X4jErIxAB5oLtDqbHvHpJe/uWNkdpYV83AOG2xo2tEVSzCzewgJMtREZM30wXnM5ls90hxiOtAuVU6H5JgbA==

"@vue/compiler-core@3.2.45":
  version "3.2.45"
  resolved "https://registry.yarnpkg.com/@vue/compiler-core/-/compiler-core-3.2.45.tgz#d9311207d96f6ebd5f4660be129fb99f01ddb41b"
  integrity sha512-rcMj7H+PYe5wBV3iYeUgbCglC+pbpN8hBLTJvRiK2eKQiWqu+fG9F+8sW99JdL4LQi7Re178UOxn09puSXvn4A==
  dependencies:
    "@babel/parser" "^7.16.4"
    "@vue/shared" "3.2.45"
    estree-walker "^2.0.2"
    source-map "^0.6.1"

"@vue/compiler-dom@3.2.45":
  version "3.2.45"
  resolved "https://registry.yarnpkg.com/@vue/compiler-dom/-/compiler-dom-3.2.45.tgz#c43cc15e50da62ecc16a42f2622d25dc5fd97dce"
  integrity sha512-tyYeUEuKqqZO137WrZkpwfPCdiiIeXYCcJ8L4gWz9vqaxzIQRccTSwSWZ/Axx5YR2z+LvpUbmPNXxuBU45lyRw==
  dependencies:
    "@vue/compiler-core" "3.2.45"
    "@vue/shared" "3.2.45"

"@vue/compiler-sfc@3.2.45":
  version "3.2.45"
  resolved "https://registry.yarnpkg.com/@vue/compiler-sfc/-/compiler-sfc-3.2.45.tgz#7f7989cc04ec9e7c55acd406827a2c4e96872c70"
  integrity sha512-1jXDuWah1ggsnSAOGsec8cFjT/K6TMZ0sPL3o3d84Ft2AYZi2jWJgRMjw4iaK0rBfA89L5gw427H4n1RZQBu6Q==
  dependencies:
    "@babel/parser" "^7.16.4"
    "@vue/compiler-core" "3.2.45"
    "@vue/compiler-dom" "3.2.45"
    "@vue/compiler-ssr" "3.2.45"
    "@vue/reactivity-transform" "3.2.45"
    "@vue/shared" "3.2.45"
    estree-walker "^2.0.2"
    magic-string "^0.25.7"
    postcss "^8.1.10"
    source-map "^0.6.1"

"@vue/compiler-ssr@3.2.45":
  version "3.2.45"
  resolved "https://registry.yarnpkg.com/@vue/compiler-ssr/-/compiler-ssr-3.2.45.tgz#bd20604b6e64ea15344d5b6278c4141191c983b2"
  integrity sha512-6BRaggEGqhWht3lt24CrIbQSRD5O07MTmd+LjAn5fJj568+R9eUD2F7wMQJjX859seSlrYog7sUtrZSd7feqrQ==
  dependencies:
    "@vue/compiler-dom" "3.2.45"
    "@vue/shared" "3.2.45"

"@vue/devtools-api@^6.0.0-beta.11", "@vue/devtools-api@^6.1.4", "@vue/devtools-api@^6.4.5":
  version "6.4.5"
  resolved "https://registry.yarnpkg.com/@vue/devtools-api/-/devtools-api-6.4.5.tgz#d54e844c1adbb1e677c81c665ecef1a2b4bb8380"
  integrity sha512-JD5fcdIuFxU4fQyXUu3w2KpAJHzTVdN+p4iOX2lMWSHMOoQdMAcpFLZzm9Z/2nmsoZ1a96QEhZ26e50xLBsgOQ==

"@vue/reactivity-transform@3.2.45":
  version "3.2.45"
  resolved "https://registry.yarnpkg.com/@vue/reactivity-transform/-/reactivity-transform-3.2.45.tgz#07ac83b8138550c83dfb50db43cde1e0e5e8124d"
  integrity sha512-BHVmzYAvM7vcU5WmuYqXpwaBHjsS8T63jlKGWVtHxAHIoMIlmaMyurUSEs1Zcg46M4AYT5MtB1U274/2aNzjJQ==
  dependencies:
    "@babel/parser" "^7.16.4"
    "@vue/compiler-core" "3.2.45"
    "@vue/shared" "3.2.45"
    estree-walker "^2.0.2"
    magic-string "^0.25.7"

"@vue/reactivity@3.2.45":
  version "3.2.45"
  resolved "https://registry.yarnpkg.com/@vue/reactivity/-/reactivity-3.2.45.tgz#412a45b574de601be5a4a5d9a8cbd4dee4662ff0"
  integrity sha512-PRvhCcQcyEVohW0P8iQ7HDcIOXRjZfAsOds3N99X/Dzewy8TVhTCT4uXpAHfoKjVTJRA0O0K+6QNkDIZAxNi3A==
  dependencies:
    "@vue/shared" "3.2.45"

"@vue/runtime-core@3.2.45":
  version "3.2.45"
  resolved "https://registry.yarnpkg.com/@vue/runtime-core/-/runtime-core-3.2.45.tgz#7ad7ef9b2519d41062a30c6fa001ec43ac549c7f"
  integrity sha512-gzJiTA3f74cgARptqzYswmoQx0fIA+gGYBfokYVhF8YSXjWTUA2SngRzZRku2HbGbjzB6LBYSbKGIaK8IW+s0A==
  dependencies:
    "@vue/reactivity" "3.2.45"
    "@vue/shared" "3.2.45"

"@vue/runtime-dom@3.2.45":
  version "3.2.45"
  resolved "https://registry.yarnpkg.com/@vue/runtime-dom/-/runtime-dom-3.2.45.tgz#1a2ef6ee2ad876206fbbe2a884554bba2d0faf59"
  integrity sha512-cy88YpfP5Ue2bDBbj75Cb4bIEZUMM/mAkDMfqDTpUYVgTf/kuQ2VQ8LebuZ8k6EudgH8pYhsGWHlY0lcxlvTwA==
  dependencies:
    "@vue/runtime-core" "3.2.45"
    "@vue/shared" "3.2.45"
    csstype "^2.6.8"

"@vue/server-renderer@3.2.45":
  version "3.2.45"
  resolved "https://registry.yarnpkg.com/@vue/server-renderer/-/server-renderer-3.2.45.tgz#ca9306a0c12b0530a1a250e44f4a0abac6b81f3f"
  integrity sha512-ebiMq7q24WBU1D6uhPK//2OTR1iRIyxjF5iVq/1a5I1SDMDyDu4Ts6fJaMnjrvD3MqnaiFkKQj+LKAgz5WIK3g==
  dependencies:
    "@vue/compiler-ssr" "3.2.45"
    "@vue/shared" "3.2.45"

"@vue/shared@3.2.45":
  version "3.2.45"
  resolved "https://registry.yarnpkg.com/@vue/shared/-/shared-3.2.45.tgz#a3fffa7489eafff38d984e23d0236e230c818bc2"
  integrity sha512-Ewzq5Yhimg7pSztDV+RH1UDKBzmtqieXQlpTVm2AwraoRL/Rks96mvd8Vgi7Lj+h+TH8dv7mXD3FRZR3TUvbSg==

anymatch@~3.1.2:
  version "3.1.3"
  resolved "https://registry.yarnpkg.com/anymatch/-/anymatch-3.1.3.tgz#790c58b19ba1720a84205b57c618d5ad8524973e"
  integrity sha512-KMReFUr0B4t+D+OBkjR3KYqvocp2XaSzO55UcB6mgQMd3KbcE+mWTyvVV7D/zsdEbNnV6acZUutkiHQXvTr1Rw==
  dependencies:
    normalize-path "^3.0.0"
    picomatch "^2.0.4"

asynckit@^0.4.0:
  version "0.4.0"
  resolved "https://registry.yarnpkg.com/asynckit/-/asynckit-0.4.0.tgz#c79ed97f7f34cb8f2ba1bc9790bcc366474b4b79"
  integrity sha512-Oei9OH4tRh0YqU3GxhX79dM/mwVgvbZJaSNaRk+bshkj0S5cfHcgYakreBjrHwatXKbz+IoIdYLxrKim2MjW0Q==

axios@^1.2.1:
  version "1.2.1"
  resolved "https://registry.yarnpkg.com/axios/-/axios-1.2.1.tgz#44cf04a3c9f0c2252ebd85975361c026cb9f864a"
  integrity sha512-I88cFiGu9ryt/tfVEi4kX2SITsvDddTajXTOFmt2uK1ZVA8LytjtdeyefdQWEf5PU8w+4SSJDoYnggflB5tW4A==
  dependencies:
    follow-redirects "^1.15.0"
    form-data "^4.0.0"
    proxy-from-env "^1.1.0"

binary-extensions@^2.0.0:
  version "2.2.0"
  resolved "https://registry.yarnpkg.com/binary-extensions/-/binary-extensions-2.2.0.tgz#75f502eeaf9ffde42fc98829645be4ea76bd9e2d"
  integrity sha512-jDctJ/IVQbZoJykoeHbhXpOlNBqGNcwXJKJog42E5HDPUwQTSdjCHdihjj0DlnheQ7blbT6dHOafNAiS8ooQKA==

bootstrap@^5.2.1:
  version "5.2.3"
  resolved "https://registry.yarnpkg.com/bootstrap/-/bootstrap-5.2.3.tgz#54739f4414de121b9785c5da3c87b37ff008322b"
  integrity sha512-cEKPM+fwb3cT8NzQZYEu4HilJ3anCrWqh3CHAok1p9jXqMPsPTBhU25fBckEJHJ/p+tTxTFTsFQGM+gaHpi3QQ==

braces@~3.0.2:
  version "3.0.2"
  resolved "https://registry.yarnpkg.com/braces/-/braces-3.0.2.tgz#3454e1a462ee8d599e236df336cd9ea4f8afe107"
  integrity sha512-b8um+L1RzM3WDSzvhm6gIz1yfTbBt6YTlcEKAvsmqCZZFw46z626lVj9j1yEPW33H5H+lBQpZMP1k8l+78Ha0A==
  dependencies:
    fill-range "^7.0.1"

"chokidar@>=3.0.0 <4.0.0":
  version "3.5.3"
  resolved "https://registry.yarnpkg.com/chokidar/-/chokidar-3.5.3.tgz#1cf37c8707b932bd1af1ae22c0432e2acd1903bd"
  integrity sha512-Dr3sfKRP6oTcjf2JmUmFJfeVMvXBdegxB0iVQ5eb2V10uFJUCAS8OByZdVAyVb8xXNz3GjjTgj9kLWsZTqE6kw==
  dependencies:
    anymatch "~3.1.2"
    braces "~3.0.2"
    glob-parent "~5.1.2"
    is-binary-path "~2.1.0"
    is-glob "~4.0.1"
    normalize-path "~3.0.0"
    readdirp "~3.6.0"
  optionalDependencies:
    fsevents "~2.3.2"

combined-stream@^1.0.8:
  version "1.0.8"
  resolved "https://registry.yarnpkg.com/combined-stream/-/combined-stream-1.0.8.tgz#c3d45a8b34fd730631a110a8a2520682b31d5a7f"
  integrity sha512-FQN4MRfuJeHf7cBbBMJFXhKSDq+2kAArBlmRBvcvFE5BB1HZKXtSFASDhdlz9zOYwxh8lDdnvmMOe/+5cdoEdg==
  dependencies:
    delayed-stream "~1.0.0"

csstype@^2.6.8:
  version "2.6.21"
  resolved "https://registry.yarnpkg.com/csstype/-/csstype-2.6.21.tgz#2efb85b7cc55c80017c66a5ad7cbd931fda3a90e"
  integrity sha512-Z1PhmomIfypOpoMjRQB70jfvy/wxT50qW08YXO5lMIJkrdq4yOTR+AW7FqutScmB9NkLwxo+jU+kZLbofZZq/w==

deepmerge@^4.2.2:
  version "4.2.2"
  resolved "https://registry.yarnpkg.com/deepmerge/-/deepmerge-4.2.2.tgz#44d2ea3679b8f4d4ffba33f03d865fc1e7bf4955"
  integrity sha512-FJ3UgI4gIl+PHZm53knsuSFpE+nESMr7M4v9QcgB7S63Kj/6WqMiFQJpBBYz1Pt+66bZpP3Q7Lye0Oo9MPKEdg==

delayed-stream@~1.0.0:
  version "1.0.0"
  resolved "https://registry.yarnpkg.com/delayed-stream/-/delayed-stream-1.0.0.tgz#df3ae199acadfb7d440aaae0b29e2272b24ec619"
  integrity sha512-ZySD7Nf91aLB0RxL4KGrKHBXl7Eds1DAmEdcoVawXnLD7SDhpNgtuII2aAkg7a7QS41jxPSZ17p4VdGnMHk3MQ==

esbuild@^0.16.3:
  version "0.16.4"
  resolved "https://registry.yarnpkg.com/esbuild/-/esbuild-0.16.4.tgz#06c86298d233386f5e41bcc14d36086daf3f40bd"
  integrity sha512-qQrPMQpPTWf8jHugLWHoGqZjApyx3OEm76dlTXobHwh/EBbavbRdjXdYi/GWr43GyN0sfpap14GPkb05NH3ROA==
  optionalDependencies:
    "@esbuild/android-arm" "0.16.4"
    "@esbuild/android-arm64" "0.16.4"
    "@esbuild/android-x64" "0.16.4"
    "@esbuild/darwin-arm64" "0.16.4"
    "@esbuild/darwin-x64" "0.16.4"
    "@esbuild/freebsd-arm64" "0.16.4"
    "@esbuild/freebsd-x64" "0.16.4"
    "@esbuild/linux-arm" "0.16.4"
    "@esbuild/linux-arm64" "0.16.4"
    "@esbuild/linux-ia32" "0.16.4"
    "@esbuild/linux-loong64" "0.16.4"
    "@esbuild/linux-mips64el" "0.16.4"
    "@esbuild/linux-ppc64" "0.16.4"
    "@esbuild/linux-riscv64" "0.16.4"
    "@esbuild/linux-s390x" "0.16.4"
    "@esbuild/linux-x64" "0.16.4"
    "@esbuild/netbsd-x64" "0.16.4"
    "@esbuild/openbsd-x64" "0.16.4"
    "@esbuild/sunos-x64" "0.16.4"
    "@esbuild/win32-arm64" "0.16.4"
    "@esbuild/win32-ia32" "0.16.4"
    "@esbuild/win32-x64" "0.16.4"

estree-walker@^2.0.2:
  version "2.0.2"
  resolved "https://registry.yarnpkg.com/estree-walker/-/estree-walker-2.0.2.tgz#52f010178c2a4c117a7757cfe942adb7d2da4cac"
  integrity sha512-Rfkk/Mp/DL7JVje3u18FxFujQlTNR2q6QfMSMB7AvCBx91NGj/ba3kCfza0f6dVDbw7YlRf/nDrn7pQrCCyQ/w==

fill-range@^7.0.1:
  version "7.0.1"
  resolved "https://registry.yarnpkg.com/fill-range/-/fill-range-7.0.1.tgz#1919a6a7c75fe38b2c7c77e5198535da9acdda40"
  integrity sha512-qOo9F+dMUmC2Lcb4BbVvnKJxTPjCm+RRpe4gDuGrzkL7mEVl/djYSu2OdQ2Pa302N4oqkSg9ir6jaLWJ2USVpQ==
  dependencies:
    to-regex-range "^5.0.1"

follow-redirects@^1.15.0:
  version "1.15.2"
  resolved "https://registry.yarnpkg.com/follow-redirects/-/follow-redirects-1.15.2.tgz#b460864144ba63f2681096f274c4e57026da2c13"
  integrity sha512-VQLG33o04KaQ8uYi2tVNbdrWp1QWxNNea+nmIB4EVM28v0hmP17z7aG1+wAkNzVq4KeXTq3221ye5qTJP91JwA==

form-data@^4.0.0:
  version "4.0.0"
  resolved "https://registry.yarnpkg.com/form-data/-/form-data-4.0.0.tgz#93919daeaf361ee529584b9b31664dc12c9fa452"
  integrity sha512-ETEklSGi5t0QMZuiXoA/Q6vcnxcLQP5vdugSpuAyi6SVGi2clPPp+xgEhuMaHC+zGgn31Kd235W35f7Hykkaww==
  dependencies:
    asynckit "^0.4.0"
    combined-stream "^1.0.8"
    mime-types "^2.1.12"

fsevents@~2.3.2:
  version "2.3.2"
  resolved "https://registry.yarnpkg.com/fsevents/-/fsevents-2.3.2.tgz#8a526f78b8fdf4623b709e0b975c52c24c02fd1a"
  integrity sha512-xiqMQR4xAeHTuB9uWm+fFRcIOgKBMiOBP+eXiyT7jsgVCq1bkVygt00oASowB7EdtpOHaaPgKt812P9ab+DDKA==

function-bind@^1.1.1:
  version "1.1.1"
  resolved "https://registry.yarnpkg.com/function-bind/-/function-bind-1.1.1.tgz#a56899d3ea3c9bab874bb9773b7c5ede92f4895d"
  integrity sha512-yIovAzMX49sF8Yl58fSCWJ5svSLuaibPxXQJFLmBObTuCr0Mf1KiPopGM9NiFjiYBCbfaa2Fh6breQ6ANVTI0A==

glob-parent@~5.1.2:
  version "5.1.2"
  resolved "https://registry.yarnpkg.com/glob-parent/-/glob-parent-5.1.2.tgz#869832c58034fe68a4093c17dc15e8340d8401c4"
  integrity sha512-AOIgSQCepiJYwP3ARnGx+5VnTu2HBYdzbGP45eLw1vr3zB3vZLeyed1sC9hnbcOc9/SrMyM5RPQrkGz4aS9Zow==
  dependencies:
    is-glob "^4.0.1"

has@^1.0.3:
  version "1.0.3"
  resolved "https://registry.yarnpkg.com/has/-/has-1.0.3.tgz#722d7cbfc1f6aa8241f16dd814e011e1f41e8796"
  integrity sha512-f2dvO0VU6Oej7RkWJGrehjbzMAjFp5/VKPp5tTpWIV4JHHZK1/BxbFRtf/siA2SWTe09caDmVtYYzWEIbBS4zw==
  dependencies:
    function-bind "^1.1.1"

immutable@^4.0.0:
  version "4.1.0"
  resolved "https://registry.yarnpkg.com/immutable/-/immutable-4.1.0.tgz#f795787f0db780183307b9eb2091fcac1f6fafef"
  integrity sha512-oNkuqVTA8jqG1Q6c+UglTOD1xhC1BtjKI7XkCXRkZHrN5m18/XsnUp8Q89GkQO/z+0WjonSvl0FLhDYftp46nQ==

is-binary-path@~2.1.0:
  version "2.1.0"
  resolved "https://registry.yarnpkg.com/is-binary-path/-/is-binary-path-2.1.0.tgz#ea1f7f3b80f064236e83470f86c09c254fb45b09"
  integrity sha512-ZMERYes6pDydyuGidse7OsHxtbI7WVeUEozgR/g7rd0xUimYNlvZRE/K2MgZTjWy725IfelLeVcEM97mmtRGXw==
  dependencies:
    binary-extensions "^2.0.0"

is-core-module@^2.9.0:
  version "2.11.0"
  resolved "https://registry.yarnpkg.com/is-core-module/-/is-core-module-2.11.0.tgz#ad4cb3e3863e814523c96f3f58d26cc570ff0144"
  integrity sha512-RRjxlvLDkD1YJwDbroBHMb+cukurkDWNyHx7D3oNB5x9rb5ogcksMC5wHCadcXoo67gVr/+3GFySh3134zi6rw==
  dependencies:
    has "^1.0.3"

is-extglob@^2.1.1:
  version "2.1.1"
  resolved "https://registry.yarnpkg.com/is-extglob/-/is-extglob-2.1.1.tgz#a88c02535791f02ed37c76a1b9ea9773c833f8c2"
  integrity sha512-SbKbANkN603Vi4jEZv49LeVJMn4yGwsbzZworEoyEiutsN3nJYdbO36zfhGJ6QEDpOZIFkDtnq5JRxmvl3jsoQ==

is-glob@^4.0.1, is-glob@~4.0.1:
  version "4.0.3"
  resolved "https://registry.yarnpkg.com/is-glob/-/is-glob-4.0.3.tgz#64f61e42cbbb2eec2071a9dac0b28ba1e65d5084"
  integrity sha512-xelSayHH36ZgE7ZWhli7pW34hNbNl8Ojv5KVmkJD4hBdD3th8Tfk9vYasLM+mXWOZhFkgZfxhLSnrwRr4elSSg==
  dependencies:
    is-extglob "^2.1.1"

is-number@^7.0.0:
  version "7.0.0"
  resolved "https://registry.yarnpkg.com/is-number/-/is-number-7.0.0.tgz#7535345b896734d5f80c4d06c50955527a14f12b"
  integrity sha512-41Cifkg6e8TylSpdtTpeLVMqvSBEVzTttHvERD741+pnZ8ANv0004MRL43QKPDlK9cGvNp6NZWZUBlbGXYxxng==

js-cookie@^3.0.1:
  version "3.0.1"
  resolved "https://registry.yarnpkg.com/js-cookie/-/js-cookie-3.0.1.tgz#9e39b4c6c2f56563708d7d31f6f5f21873a92414"
  integrity sha512-+0rgsUXZu4ncpPxRL+lNEptWMOWl9etvPHc/koSRp6MPwpRYAhmk0dUG00J4bxVV3r9uUzfo24wW0knS07SKSw==

laravel-vite-plugin@^0.7.1:
  version "0.7.1"
  resolved "https://registry.yarnpkg.com/laravel-vite-plugin/-/laravel-vite-plugin-0.7.1.tgz#86293247a234ede0c75eca92191559bc854c5528"
  integrity sha512-nz2slMkGyabfEnXYsQnDJHCefQBdIJgeTkm2wgWEYbAaddwLzTSjmhT1diRm9TUYwIrNqlbuPNVD3VYy/kP9Wg==
  dependencies:
    vite-plugin-full-reload "^1.0.1"

laravel-vue-pagination@^3.0.0:
  version "3.0.0"
  resolved "https://registry.yarnpkg.com/laravel-vue-pagination/-/laravel-vue-pagination-3.0.0.tgz#4ac25b32538902ceb8cb6d2435669b576f3e6889"
  integrity sha512-kskpo+1Ciz1uo1VWjgnwdeBv6M6sF3Hus/VnwFvPOUSpfsR/WVaE+nCN2QOE0FBcV5e32o/Nel5397Q8pgWQQg==
  dependencies:
    vue "^3.2.25"

lodash@^4.17.19:
  version "4.17.21"
  resolved "https://registry.yarnpkg.com/lodash/-/lodash-4.17.21.tgz#679591c564c3bffaae8454cf0b3df370c3d6911c"
  integrity sha512-v2kDEe57lecTulaDIuNTPy3Ry4gLGJ6Z1O3vE1krgXZNrsQ+LFTGHVxVjcXPs17LhbZVGedAJv8XZ1tvj5FvSg==

magic-string@^0.25.7:
  version "0.25.9"
  resolved "https://registry.yarnpkg.com/magic-string/-/magic-string-0.25.9.tgz#de7f9faf91ef8a1c91d02c2e5314c8277dbcdd1c"
  integrity sha512-RmF0AsMzgt25qzqqLc1+MbHmhdx0ojF2Fvs4XnOqz2ZOBXzzkEwc/dJQZCYHAn7v1jbVOjAZfK8msRn4BxO4VQ==
  dependencies:
    sourcemap-codec "^1.4.8"

mime-db@1.52.0:
  version "1.52.0"
  resolved "https://registry.yarnpkg.com/mime-db/-/mime-db-1.52.0.tgz#bbabcdc02859f4987301c856e3387ce5ec43bf70"
  integrity sha512-sPU4uV7dYlvtWJxwwxHD0PuihVNiE7TyAbQ5SWxDCB9mUYvOgroQOwYQQOKPJ8CIbE+1ETVlOoK1UC2nU3gYvg==

mime-types@^2.1.12:
  version "2.1.35"
  resolved "https://registry.yarnpkg.com/mime-types/-/mime-types-2.1.35.tgz#381a871b62a734450660ae3deee44813f70d959a"
  integrity sha512-ZDY+bPm5zTTF+YpCrAU9nK0UgICYPT0QtT1NZWFv4s++TNkcgVaT0g6+4R2uI4MjQjzysHB1zxuWL50hzaeXiw==
  dependencies:
    mime-db "1.52.0"

nanoid@^3.3.4:
  version "3.3.4"
  resolved "https://registry.yarnpkg.com/nanoid/-/nanoid-3.3.4.tgz#730b67e3cd09e2deacf03c027c81c9d9dbc5e8ab"
  integrity sha512-MqBkQh/OHTS2egovRtLk45wEyNXwF+cokD+1YPf9u5VfJiRdAiRwB2froX5Co9Rh20xs4siNPm8naNotSD6RBw==

normalize-path@^3.0.0, normalize-path@~3.0.0:
  version "3.0.0"
  resolved "https://registry.yarnpkg.com/normalize-path/-/normalize-path-3.0.0.tgz#0dcd69ff23a1c9b11fd0978316644a0388216a65"
  integrity sha512-6eZs5Ls3WtCisHWp9S2GUy8dqkpGi4BVSz3GaqiE6ezub0512ESztXUwUB6C6IKbQkY2Pnb/mD4WYojCRwcwLA==

path-parse@^1.0.7:
  version "1.0.7"
  resolved "https://registry.yarnpkg.com/path-parse/-/path-parse-1.0.7.tgz#fbc114b60ca42b30d9daf5858e4bd68bbedb6735"
  integrity sha512-LDJzPVEEEPR+y48z93A0Ed0yXb8pAByGWo/k5YYdYgpY2/2EsOsksJrq7lOHxryrVOn1ejG6oAp8ahvOIQD8sw==

picocolors@^1.0.0:
  version "1.0.0"
  resolved "https://registry.yarnpkg.com/picocolors/-/picocolors-1.0.0.tgz#cb5bdc74ff3f51892236eaf79d68bc44564ab81c"
  integrity sha512-1fygroTLlHu66zi26VoTDv8yRgm0Fccecssto+MhsZ0D/DGW2sm8E8AjW7NU5VVTRt5GxbeZ5qBuJr+HyLYkjQ==

picomatch@^2.0.4, picomatch@^2.2.1, picomatch@^2.3.1:
  version "2.3.1"
  resolved "https://registry.yarnpkg.com/picomatch/-/picomatch-2.3.1.tgz#3ba3833733646d9d3e4995946c1365a67fb07a42"
  integrity sha512-JU3teHTNjmE2VCGFzuY8EXzCDVwEqB2a8fsIvwaStHhAWJEeVd1o1QD80CU6+ZdEXXSLbSsuLwJjkCBWqRQUVA==

postcss@^8.1.10, postcss@^8.1.14, postcss@^8.4.19:
  version "8.4.20"
  resolved "https://registry.yarnpkg.com/postcss/-/postcss-8.4.20.tgz#64c52f509644cecad8567e949f4081d98349dc56"
  integrity sha512-6Q04AXR1212bXr5fh03u8aAwbLxAQNGQ/Q1LNa0VfOI06ZAlhPHtQvE4OIdpj4kLThXilalPnmDSOD65DcHt+g==
  dependencies:
    nanoid "^3.3.4"
    picocolors "^1.0.0"
    source-map-js "^1.0.2"

proxy-from-env@^1.1.0:
  version "1.1.0"
  resolved "https://registry.yarnpkg.com/proxy-from-env/-/proxy-from-env-1.1.0.tgz#e102f16ca355424865755d2c9e8ea4f24d58c3e2"
  integrity sha512-D+zkORCbA9f1tdWRK0RaCR3GPv50cMxcrz4X8k5LTSUD1Dkw47mKJEZQNunItRTkWwgtaUSo1RVFRIG9ZXiFYg==

readdirp@~3.6.0:
  version "3.6.0"
  resolved "https://registry.yarnpkg.com/readdirp/-/readdirp-3.6.0.tgz#74a370bd857116e245b29cc97340cd431a02a6c7"
  integrity sha512-hOS089on8RduqdbhvQ5Z37A0ESjsqz6qnRcffsMU3495FuTdqSm+7bhJ29JvIOsBDEEnan5DPu9t3To9VRlMzA==
  dependencies:
    picomatch "^2.2.1"

resolve@^1.22.1:
  version "1.22.1"
  resolved "https://registry.yarnpkg.com/resolve/-/resolve-1.22.1.tgz#27cb2ebb53f91abb49470a928bba7558066ac177"
  integrity sha512-nBpuuYuY5jFsli/JIs1oldw6fOQCBioohqWZg/2hiaOybXOft4lonv85uDOKXdf8rhyK159cxU5cDcK/NKk8zw==
  dependencies:
    is-core-module "^2.9.0"
    path-parse "^1.0.7"
    supports-preserve-symlinks-flag "^1.0.0"

rollup@^3.7.0:
  version "3.7.3"
  resolved "https://registry.yarnpkg.com/rollup/-/rollup-3.7.3.tgz#d440adff5f89099fd1f552e4e4333045e3bc71d4"
  integrity sha512-7e68MQbAWCX6mI4/0lG1WHd+NdNAlVamg0Zkd+8LZ/oXojligdGnCNyHlzXqXCZObyjs5FRc3AH0b17iJESGIQ==
  optionalDependencies:
    fsevents "~2.3.2"

sass@^1.32.11:
  version "1.56.2"
  resolved "https://registry.yarnpkg.com/sass/-/sass-1.56.2.tgz#9433b345ab3872996c82a53a58c014fd244fd095"
  integrity sha512-ciEJhnyCRwzlBCB+h5cCPM6ie/6f8HrhZMQOf5vlU60Y1bI1rx5Zb0vlDZvaycHsg/MqFfF1Eq2eokAa32iw8w==
  dependencies:
    chokidar ">=3.0.0 <4.0.0"
    immutable "^4.0.0"
    source-map-js ">=0.6.2 <2.0.0"

shvl@^2.0.3:
  version "2.0.3"
  resolved "https://registry.yarnpkg.com/shvl/-/shvl-2.0.3.tgz#eb4bd37644f5684bba1fc52c3010c96fb5e6afd1"
  integrity sha512-V7C6S9Hlol6SzOJPnQ7qzOVEWUQImt3BNmmzh40wObhla3XOYMe4gGiYzLrJd5TFa+cI2f9LKIRJTTKZSTbWgw==

"source-map-js@>=0.6.2 <2.0.0", source-map-js@^1.0.2:
  version "1.0.2"
  resolved "https://registry.yarnpkg.com/source-map-js/-/source-map-js-1.0.2.tgz#adbc361d9c62df380125e7f161f71c826f1e490c"
  integrity sha512-R0XvVJ9WusLiqTCEiGCmICCMplcCkIwwR11mOSD9CR5u+IXYdiseeEuXCVAjS54zqwkLcPNnmU4OeJ6tUrWhDw==

source-map@^0.6.1:
  version "0.6.1"
  resolved "https://registry.yarnpkg.com/source-map/-/source-map-0.6.1.tgz#74722af32e9614e9c287a8d0bbde48b5e2f1a263"
  integrity sha512-UjgapumWlbMhkBgzT7Ykc5YXUT46F0iKu8SGXq0bcwP5dz/h0Plj6enJqjz1Zbq2l5WaqYnrVbwWOWMyF3F47g==

sourcemap-codec@^1.4.8:
  version "1.4.8"
  resolved "https://registry.yarnpkg.com/sourcemap-codec/-/sourcemap-codec-1.4.8.tgz#ea804bd94857402e6992d05a38ef1ae35a9ab4c4"
  integrity sha512-9NykojV5Uih4lgo5So5dtw+f0JgJX30KCNI8gwhz2J9A15wD0Ml6tjHKwf6fTSa6fAdVBdZeNOs9eJ71qCk8vA==

supports-preserve-symlinks-flag@^1.0.0:
  version "1.0.0"
  resolved "https://registry.yarnpkg.com/supports-preserve-symlinks-flag/-/supports-preserve-symlinks-flag-1.0.0.tgz#6eda4bd344a3c94aea376d4cc31bc77311039e09"
  integrity sha512-ot0WnXS9fgdkgIcePe6RHNk1WA8+muPa6cSjeR3V8K27q9BB1rTE3R1p7Hv0z1ZyAc8s6Vvv8DIyWf681MAt0w==

sweetalert2@11.x:
  version "11.6.15"
  resolved "https://registry.yarnpkg.com/sweetalert2/-/sweetalert2-11.6.15.tgz#0459e97100810b0734c62d2cce4d3d41c8f30b0a"
  integrity sha512-FqMy1gRGHEI5G145NE5XSP059TziCJu9Xf9/mkki/aKu5pLNcYzjggOzKO5Ex10EBgAGDXQ99jyGfYYzGCYXRQ==

to-regex-range@^5.0.1:
  version "5.0.1"
  resolved "https://registry.yarnpkg.com/to-regex-range/-/to-regex-range-5.0.1.tgz#1648c44aae7c8d988a326018ed72f5b4dd0392e4"
  integrity sha512-65P7iz6X5yEr1cwcgvQxbbIw7Uk3gOy5dIdtZ4rDveLqhrdJP+Li/Hx6tyK0NEb+2GCyneCMJiGqrADCSNk8sQ==
  dependencies:
    is-number "^7.0.0"

vee-validate@^4.6.10:
  version "4.7.3"
  resolved "https://registry.yarnpkg.com/vee-validate/-/vee-validate-4.7.3.tgz#0200c2f1151d28d9fb6fdb6c59c01170146094be"
  integrity sha512-1MwHLOzCrabSeChySZVVMamWStcucM1hHxapoebY9mJ7KWOvncMG19a7AlPl38zpE9pcD+G3CHKLvviGmTl5BQ==
  dependencies:
    "@vue/devtools-api" "^6.1.4"

vite-plugin-full-reload@^1.0.1:
  version "1.0.5"
  resolved "https://registry.yarnpkg.com/vite-plugin-full-reload/-/vite-plugin-full-reload-1.0.5.tgz#6cddfa94e51909843bc7156ab728dbac972b8560"
  integrity sha512-kVZFDFWr0DxiHn6MuDVTQf7gnWIdETGlZh0hvTiMXzRN80vgF4PKbONSq8U1d0WtHsKaFODTQgJeakLacoPZEQ==
  dependencies:
    picocolors "^1.0.0"
    picomatch "^2.3.1"

vite@^4.0.0:
  version "4.0.0"
  resolved "https://registry.yarnpkg.com/vite/-/vite-4.0.0.tgz#b81b88349a06b2faaa53ae14cf96c942548e3454"
  integrity sha512-ynad+4kYs8Jcnn8J7SacS9vAbk7eMy0xWg6E7bAhS1s79TK+D7tVFGXVZ55S7RNLRROU1rxoKlvZ/qjaB41DGA==
  dependencies:
    esbuild "^0.16.3"
    postcss "^8.4.19"
    resolve "^1.22.1"
    rollup "^3.7.0"
  optionalDependencies:
    fsevents "~2.3.2"

vue-router@^4.1.5:
  version "4.1.6"
  resolved "https://registry.yarnpkg.com/vue-router/-/vue-router-4.1.6.tgz#b70303737e12b4814578d21d68d21618469375a1"
  integrity sha512-DYWYwsG6xNPmLq/FmZn8Ip+qrhFEzA14EI12MsMgVxvHFDYvlr4NXpVF5hrRH1wVcDP8fGi5F4rxuJSl8/r+EQ==
  dependencies:
    "@vue/devtools-api" "^6.4.5"

vue-select@^4.0.0-beta.5:
  version "4.0.0-beta.6"
  resolved "https://registry.yarnpkg.com/vue-select/-/vue-select-4.0.0-beta.6.tgz#7c250cb7c01280b54a311cb446629801b3c8df98"
  integrity sha512-K+zrNBSpwMPhAxYLTCl56gaMrWZGgayoWCLqe5rWwkB8aUbAUh7u6sXjIR7v4ckp2WKC7zEEUY27g6h1MRsIHw==

vue-sweetalert2@^5.0.5:
  version "5.0.5"
  resolved "https://registry.yarnpkg.com/vue-sweetalert2/-/vue-sweetalert2-5.0.5.tgz#298663884149c7675d514490d1389f0614d875c0"
  integrity sha512-Q7+TjQxNwGruT2jfPaSKMz18HHWs81r4umEwlrrtOf/QL5Iwl1T+tUaNkcvKB7Rf9rYftubt7NnOMjfDMnDH3A==
  dependencies:
    sweetalert2 "11.x"

vue@^3.2.25, vue@^3.2.37:
  version "3.2.45"
  resolved "https://registry.yarnpkg.com/vue/-/vue-3.2.45.tgz#94a116784447eb7dbd892167784619fef379b3c8"
  integrity sha512-9Nx/Mg2b2xWlXykmCwiTUCWHbWIj53bnkizBxKai1g61f2Xit700A1ljowpTIM11e3uipOeiPcSqnmBg6gyiaA==
  dependencies:
    "@vue/compiler-dom" "3.2.45"
    "@vue/compiler-sfc" "3.2.45"
    "@vue/runtime-dom" "3.2.45"
    "@vue/server-renderer" "3.2.45"
    "@vue/shared" "3.2.45"

vuex-persistedstate@^4.1.0:
  version "4.1.0"
  resolved "https://registry.yarnpkg.com/vuex-persistedstate/-/vuex-persistedstate-4.1.0.tgz#127165f85f5b4534fb3170a5d3a8be9811bd2a53"
  integrity sha512-3SkEj4NqwM69ikJdFVw6gObeB0NHyspRYMYkR/EbhR0hbvAKyR5gksVhtAfY1UYuWUOCCA0QNGwv9pOwdj+XUQ==
  dependencies:
    deepmerge "^4.2.2"
    shvl "^2.0.3"

vuex@^4.0.2:
  version "4.1.0"
  resolved "https://registry.yarnpkg.com/vuex/-/vuex-4.1.0.tgz#aa1b3ea5c7385812b074c86faeeec2217872e36c"
  integrity sha512-hmV6UerDrPcgbSy9ORAtNXDr9M4wlNP4pEFKye4ujJF8oqgFFuxDCdOLS3eNoRTtq5O3hoBDh9Doj1bQMYHRbQ==
  dependencies:
    "@vue/devtools-api" "^6.0.0-beta.11"
