# THIS IS AN AUTOGENERATED FILE. DO NOT EDIT THIS FILE DIRECTLY.
# yarn lockfile v1


"@babel/parser@^7.16.4":
  version "7.19.3"
  resolved "https://registry.yarnpkg.com/@babel/parser/-/parser-7.19.3.tgz#8dd36d17c53ff347f9e55c328710321b49479a9a"
  integrity sha512-pJ9xOlNWHiy9+FuFP09DEAFbAn4JskgRsVcc169w2xRBC3FRGuQEwjeIMMND9L2zc0iEhO/tGv4Zq+km+hxNpQ==

"@casl/ability@^6.3.1":
  version "6.3.1"
  resolved "https://registry.yarnpkg.com/@casl/ability/-/ability-6.3.1.tgz#fa170ad138b8daa4f942e4b73f7f870686d9cef8"
  integrity sha512-gNi1iXlttQ6dVwjbtO2fujRq27GDGAjNfSqFMRNVDSaV872xUNpTBxyGldO75KCKMiLzAr6BYiL0vFpdBGwvnQ==
  dependencies:
    "@ucast/mongo2js" "^1.3.0"

"@casl/vue@^2.2.0":
  version "2.2.0"
  resolved "https://registry.yarnpkg.com/@casl/vue/-/vue-2.2.0.tgz#b1ea5082a2468933a1b83e2832c612dd24e912c5"
  integrity sha512-3Hjem0brEd0t8NAtzWEK0Nt37kIhMvJUTnxoSMaRXHfz1gDBHW8jyOa68uW4jjAdNYt6tEI7CG104FcDdaofCQ==

"@esbuild/android-arm@0.15.18":
  version "0.15.18"
  resolved "https://registry.yarnpkg.com/@esbuild/android-arm/-/android-arm-0.15.18.tgz#266d40b8fdcf87962df8af05b76219bc786b4f80"
  integrity sha512-5GT+kcs2WVGjVs7+boataCkO5Fg0y4kCjzkB5bAip7H4jfnOS3dA6KPiww9W1OEKTKeAcUVhdZGvgI65OXmUnw==

"@esbuild/linux-loong64@0.15.18":
  version "0.15.18"
  resolved "https://registry.yarnpkg.com/@esbuild/linux-loong64/-/linux-loong64-0.15.18.tgz#128b76ecb9be48b60cf5cfc1c63a4f00691a3239"
  integrity sha512-L4jVKS82XVhw2nvzLg/19ClLWg0y27ulRwuP7lcyL6AbUWB5aPglXY3M21mauDQMDfRLs8cQmeT03r/+X3cZYQ==

"@popperjs/core@^2.10.2":
  version "2.11.6"
  resolved "https://registry.yarnpkg.com/@popperjs/core/-/core-2.11.6.tgz#cee20bd55e68a1720bdab363ecf0c821ded4cd45"
  integrity sha512-50/17A98tWUfQ176raKiOGXuYpLyyVMkxxG6oylzL3BPOlA6ADGdK7EYunSa4I064xerltq9TGXs8HmOk5E+vw==

"@ucast/core@^1.0.0", "@ucast/core@^1.4.1", "@ucast/core@^1.6.1":
  version "1.10.1"
  resolved "https://registry.yarnpkg.com/@ucast/core/-/core-1.10.1.tgz#03a77a7804bcb5002a5cad3681e86cd1897e2e1f"
  integrity sha512-sXKbvQiagjFh2JCpaHUa64P4UdJbOxYeC5xiZFn8y6iYdb0WkismduE+RmiJrIjw/eLDYmIEXiQeIYYowmkcAw==

"@ucast/js@^3.0.0":
  version "3.0.2"
  resolved "https://registry.yarnpkg.com/@ucast/js/-/js-3.0.2.tgz#862838ee68112c6c262d4f4693cc592ba83157e0"
  integrity sha512-zxNkdIPVvqJjHI7D/iK8Aai1+59yqU+N7bpHFodVmiTN7ukeNiGGpNmmSjQgsUw7eNcEBnPrZHNzp5UBxwmaPw==
  dependencies:
    "@ucast/core" "^1.0.0"

"@ucast/mongo2js@^1.3.0":
  version "1.3.3"
  resolved "https://registry.yarnpkg.com/@ucast/mongo2js/-/mongo2js-1.3.3.tgz#a683a59cea22887a72e4302f3826e41ccf51dbbe"
  integrity sha512-sBPtMUYg+hRnYeVYKL+ATm8FaRPdlU9PijMhGYKgsPGjV9J4Ks41ytIjGayvKUnBOEhiCaKUUnY4qPeifdqATw==
  dependencies:
    "@ucast/core" "^1.6.1"
    "@ucast/js" "^3.0.0"
    "@ucast/mongo" "^2.4.0"

"@ucast/mongo@^2.4.0":
  version "2.4.2"
  resolved "https://registry.yarnpkg.com/@ucast/mongo/-/mongo-2.4.2.tgz#a8a1c32e65ccab623be023e6cedb11d136d50f19"
  integrity sha512-/zH1TdBJlYGKKD+Wh0oyD+aBvDSWrwHcD8b4tUL9UgHLhzHtkEnMVFuxbw3SRIRsAa01wmy06+LWt+WoZdj1Bw==
  dependencies:
    "@ucast/core" "^1.4.1"

"@vitejs/plugin-vue@^3.2.0":
  version "3.2.0"
  resolved "https://registry.yarnpkg.com/@vitejs/plugin-vue/-/plugin-vue-3.2.0.tgz#a1484089dd85d6528f435743f84cdd0d215bbb54"
  integrity sha512-E0tnaL4fr+qkdCNxJ+Xd0yM31UwMkQje76fsDVBBUCoGOUPexu2VDUYHL8P4CwV+zMvWw6nlRw19OnRKmYAJpw==

"@vue/compiler-core@3.2.40":
  version "3.2.40"
  resolved "https://registry.yarnpkg.com/@vue/compiler-core/-/compiler-core-3.2.40.tgz#c785501f09536748121e937fb87605bbb1ada8e5"
  integrity sha512-2Dc3Stk0J/VyQ4OUr2yEC53kU28614lZS+bnrCbFSAIftBJ40g/2yQzf4mPBiFuqguMB7hyHaujdgZAQ67kZYA==
  dependencies:
    "@babel/parser" "^7.16.4"
    "@vue/shared" "3.2.40"
    estree-walker "^2.0.2"
    source-map "^0.6.1"

"@vue/compiler-core@3.2.45":
  version "3.2.45"
  resolved "https://registry.yarnpkg.com/@vue/compiler-core/-/compiler-core-3.2.45.tgz#d9311207d96f6ebd5f4660be129fb99f01ddb41b"
  integrity sha512-rcMj7H+PYe5wBV3iYeUgbCglC+pbpN8hBLTJvRiK2eKQiWqu+fG9F+8sW99JdL4LQi7Re178UOxn09puSXvn4A==
  dependencies:
    "@babel/parser" "^7.16.4"
    "@vue/shared" "3.2.45"
    estree-walker "^2.0.2"
    source-map "^0.6.1"

"@vue/compiler-dom@3.2.40":
  version "3.2.40"
  resolved "https://registry.yarnpkg.com/@vue/compiler-dom/-/compiler-dom-3.2.40.tgz#c225418773774db536174d30d3f25ba42a33e7e4"
  integrity sha512-OZCNyYVC2LQJy4H7h0o28rtk+4v+HMQygRTpmibGoG9wZyomQiS5otU7qo3Wlq5UfHDw2RFwxb9BJgKjVpjrQw==
  dependencies:
    "@vue/compiler-core" "3.2.40"
    "@vue/shared" "3.2.40"

"@vue/compiler-dom@3.2.45":
  version "3.2.45"
  resolved "https://registry.yarnpkg.com/@vue/compiler-dom/-/compiler-dom-3.2.45.tgz#c43cc15e50da62ecc16a42f2622d25dc5fd97dce"
  integrity sha512-tyYeUEuKqqZO137WrZkpwfPCdiiIeXYCcJ8L4gWz9vqaxzIQRccTSwSWZ/Axx5YR2z+LvpUbmPNXxuBU45lyRw==
  dependencies:
    "@vue/compiler-core" "3.2.45"
    "@vue/shared" "3.2.45"

"@vue/compiler-sfc@3.2.40":
  version "3.2.40"
  resolved "https://registry.yarnpkg.com/@vue/compiler-sfc/-/compiler-sfc-3.2.40.tgz#61823283efc84d25d9d2989458f305d32a2ed141"
  integrity sha512-tzqwniIN1fu1PDHC3CpqY/dPCfN/RN1thpBC+g69kJcrl7mbGiHKNwbA6kJ3XKKy8R6JLKqcpVugqN4HkeBFFg==
  dependencies:
    "@babel/parser" "^7.16.4"
    "@vue/compiler-core" "3.2.40"
    "@vue/compiler-dom" "3.2.40"
    "@vue/compiler-ssr" "3.2.40"
    "@vue/reactivity-transform" "3.2.40"
    "@vue/shared" "3.2.40"
    estree-walker "^2.0.2"
    magic-string "^0.25.7"
    postcss "^8.1.10"
    source-map "^0.6.1"

"@vue/compiler-sfc@3.2.45":
  version "3.2.45"
  resolved "https://registry.yarnpkg.com/@vue/compiler-sfc/-/compiler-sfc-3.2.45.tgz#7f7989cc04ec9e7c55acd406827a2c4e96872c70"
  integrity sha512-1jXDuWah1ggsnSAOGsec8cFjT/K6TMZ0sPL3o3d84Ft2AYZi2jWJgRMjw4iaK0rBfA89L5gw427H4n1RZQBu6Q==
  dependencies:
    "@babel/parser" "^7.16.4"
    "@vue/compiler-core" "3.2.45"
    "@vue/compiler-dom" "3.2.45"
    "@vue/compiler-ssr" "3.2.45"
    "@vue/reactivity-transform" "3.2.45"
    "@vue/shared" "3.2.45"
    estree-walker "^2.0.2"
    magic-string "^0.25.7"
    postcss "^8.1.10"
    source-map "^0.6.1"

"@vue/compiler-ssr@3.2.40":
  version "3.2.40"
  resolved "https://registry.yarnpkg.com/@vue/compiler-ssr/-/compiler-ssr-3.2.40.tgz#67df95a096c63e9ec4b50b84cc6f05816793629c"
  integrity sha512-80cQcgasKjrPPuKcxwuCx7feq+wC6oFl5YaKSee9pV3DNq+6fmCVwEEC3vvkf/E2aI76rIJSOYHsWSEIxK74oQ==
  dependencies:
    "@vue/compiler-dom" "3.2.40"
    "@vue/shared" "3.2.40"

"@vue/compiler-ssr@3.2.45":
  version "3.2.45"
  resolved "https://registry.yarnpkg.com/@vue/compiler-ssr/-/compiler-ssr-3.2.45.tgz#bd20604b6e64ea15344d5b6278c4141191c983b2"
  integrity sha512-6BRaggEGqhWht3lt24CrIbQSRD5O07MTmd+LjAn5fJj568+R9eUD2F7wMQJjX859seSlrYog7sUtrZSd7feqrQ==
  dependencies:
    "@vue/compiler-dom" "3.2.45"
    "@vue/shared" "3.2.45"

"@vue/devtools-api@^6.0.0-beta.11", "@vue/devtools-api@^6.1.4":
  version "6.4.2"
  resolved "https://registry.yarnpkg.com/@vue/devtools-api/-/devtools-api-6.4.2.tgz#faf303a70cd9f8662896d663a195df41a8af1e53"
  integrity sha512-6hNZ23h1M2Llky+SIAmVhL7s6BjLtZBCzjIz9iRSBUsysjE7kC39ulW0dH4o/eZtycmSt4qEr6RDVGTIuWu+ow==

"@vue/devtools-api@^6.4.5":
  version "6.4.5"
  resolved "https://registry.yarnpkg.com/@vue/devtools-api/-/devtools-api-6.4.5.tgz#d54e844c1adbb1e677c81c665ecef1a2b4bb8380"
  integrity sha512-JD5fcdIuFxU4fQyXUu3w2KpAJHzTVdN+p4iOX2lMWSHMOoQdMAcpFLZzm9Z/2nmsoZ1a96QEhZ26e50xLBsgOQ==

"@vue/reactivity-transform@3.2.40":
  version "3.2.40"
  resolved "https://registry.yarnpkg.com/@vue/reactivity-transform/-/reactivity-transform-3.2.40.tgz#dc24b9074b26f0d9dd2034c6349f5bb2a51c86ac"
  integrity sha512-HQUCVwEaacq6fGEsg2NUuGKIhUveMCjOk8jGHqLXPI2w6zFoPrlQhwWEaINTv5kkZDXKEnCijAp+4gNEHG03yw==
  dependencies:
    "@babel/parser" "^7.16.4"
    "@vue/compiler-core" "3.2.40"
    "@vue/shared" "3.2.40"
    estree-walker "^2.0.2"
    magic-string "^0.25.7"

"@vue/reactivity-transform@3.2.45":
  version "3.2.45"
  resolved "https://registry.yarnpkg.com/@vue/reactivity-transform/-/reactivity-transform-3.2.45.tgz#07ac83b8138550c83dfb50db43cde1e0e5e8124d"
  integrity sha512-BHVmzYAvM7vcU5WmuYqXpwaBHjsS8T63jlKGWVtHxAHIoMIlmaMyurUSEs1Zcg46M4AYT5MtB1U274/2aNzjJQ==
  dependencies:
    "@babel/parser" "^7.16.4"
    "@vue/compiler-core" "3.2.45"
    "@vue/shared" "3.2.45"
    estree-walker "^2.0.2"
    magic-string "^0.25.7"

"@vue/reactivity@3.2.40":
  version "3.2.40"
  resolved "https://registry.yarnpkg.com/@vue/reactivity/-/reactivity-3.2.40.tgz#ae65496f5b364e4e481c426f391568ed7d133cca"
  integrity sha512-N9qgGLlZmtUBMHF9xDT4EkD9RdXde1Xbveb+niWMXuHVWQP5BzgRmE3SFyUBBcyayG4y1lhoz+lphGRRxxK4RA==
  dependencies:
    "@vue/shared" "3.2.40"

"@vue/reactivity@3.2.45":
  version "3.2.45"
  resolved "https://registry.yarnpkg.com/@vue/reactivity/-/reactivity-3.2.45.tgz#412a45b574de601be5a4a5d9a8cbd4dee4662ff0"
  integrity sha512-PRvhCcQcyEVohW0P8iQ7HDcIOXRjZfAsOds3N99X/Dzewy8TVhTCT4uXpAHfoKjVTJRA0O0K+6QNkDIZAxNi3A==
  dependencies:
    "@vue/shared" "3.2.45"

"@vue/runtime-core@3.2.40":
  version "3.2.40"
  resolved "https://registry.yarnpkg.com/@vue/runtime-core/-/runtime-core-3.2.40.tgz#e814358bf1b0ff6d4a6b4f8f62d9f341964fb275"
  integrity sha512-U1+rWf0H8xK8aBUZhnrN97yoZfHbjgw/bGUzfgKPJl69/mXDuSg8CbdBYBn6VVQdR947vWneQBFzdhasyzMUKg==
  dependencies:
    "@vue/reactivity" "3.2.40"
    "@vue/shared" "3.2.40"

"@vue/runtime-core@3.2.45":
  version "3.2.45"
  resolved "https://registry.yarnpkg.com/@vue/runtime-core/-/runtime-core-3.2.45.tgz#7ad7ef9b2519d41062a30c6fa001ec43ac549c7f"
  integrity sha512-gzJiTA3f74cgARptqzYswmoQx0fIA+gGYBfokYVhF8YSXjWTUA2SngRzZRku2HbGbjzB6LBYSbKGIaK8IW+s0A==
  dependencies:
    "@vue/reactivity" "3.2.45"
    "@vue/shared" "3.2.45"

"@vue/runtime-dom@3.2.40":
  version "3.2.40"
  resolved "https://registry.yarnpkg.com/@vue/runtime-dom/-/runtime-dom-3.2.40.tgz#975119feac5ab703aa9bbbf37c9cc966602c8eab"
  integrity sha512-AO2HMQ+0s2+MCec8hXAhxMgWhFhOPJ/CyRXnmTJ6XIOnJFLrH5Iq3TNwvVcODGR295jy77I6dWPj+wvFoSYaww==
  dependencies:
    "@vue/runtime-core" "3.2.40"
    "@vue/shared" "3.2.40"
    csstype "^2.6.8"

"@vue/runtime-dom@3.2.45":
  version "3.2.45"
  resolved "https://registry.yarnpkg.com/@vue/runtime-dom/-/runtime-dom-3.2.45.tgz#1a2ef6ee2ad876206fbbe2a884554bba2d0faf59"
  integrity sha512-cy88YpfP5Ue2bDBbj75Cb4bIEZUMM/mAkDMfqDTpUYVgTf/kuQ2VQ8LebuZ8k6EudgH8pYhsGWHlY0lcxlvTwA==
  dependencies:
    "@vue/runtime-core" "3.2.45"
    "@vue/shared" "3.2.45"
    csstype "^2.6.8"

"@vue/server-renderer@3.2.40":
  version "3.2.40"
  resolved "https://registry.yarnpkg.com/@vue/server-renderer/-/server-renderer-3.2.40.tgz#55eaac31f7105c3907e1895129bf4efb6b0ce393"
  integrity sha512-gtUcpRwrXOJPJ4qyBpU3EyxQa4EkV8I4f8VrDePcGCPe4O/hd0BPS7v9OgjIQob6Ap8VDz9G+mGTKazE45/95w==
  dependencies:
    "@vue/compiler-ssr" "3.2.40"
    "@vue/shared" "3.2.40"

"@vue/server-renderer@3.2.45":
  version "3.2.45"
  resolved "https://registry.yarnpkg.com/@vue/server-renderer/-/server-renderer-3.2.45.tgz#ca9306a0c12b0530a1a250e44f4a0abac6b81f3f"
  integrity sha512-ebiMq7q24WBU1D6uhPK//2OTR1iRIyxjF5iVq/1a5I1SDMDyDu4Ts6fJaMnjrvD3MqnaiFkKQj+LKAgz5WIK3g==
  dependencies:
    "@vue/compiler-ssr" "3.2.45"
    "@vue/shared" "3.2.45"

"@vue/shared@3.2.40":
  version "3.2.40"
  resolved "https://registry.yarnpkg.com/@vue/shared/-/shared-3.2.40.tgz#e57799da2a930b975321981fcee3d1e90ed257ae"
  integrity sha512-0PLQ6RUtZM0vO3teRfzGi4ltLUO5aO+kLgwh4Um3THSR03rpQWLTuRCkuO5A41ITzwdWeKdPHtSARuPkoo5pCQ==

"@vue/shared@3.2.45":
  version "3.2.45"
  resolved "https://registry.yarnpkg.com/@vue/shared/-/shared-3.2.45.tgz#a3fffa7489eafff38d984e23d0236e230c818bc2"
  integrity sha512-Ewzq5Yhimg7pSztDV+RH1UDKBzmtqieXQlpTVm2AwraoRL/Rks96mvd8Vgi7Lj+h+TH8dv7mXD3FRZR3TUvbSg==

anymatch@~3.1.2:
  version "3.1.2"
  resolved "https://registry.yarnpkg.com/anymatch/-/anymatch-3.1.2.tgz#c0557c096af32f106198f4f4e2a383537e378716"
  integrity sha512-P43ePfOAIupkguHUycrc4qJ9kz8ZiuOUijaETwX7THt0Y/GNK7v0aa8rY816xWjZ7rJdA5XdMcpVFTKMq+RvWg==
  dependencies:
    normalize-path "^3.0.0"
    picomatch "^2.0.4"

asynckit@^0.4.0:
  version "0.4.0"
  resolved "https://registry.yarnpkg.com/asynckit/-/asynckit-0.4.0.tgz#c79ed97f7f34cb8f2ba1bc9790bcc366474b4b79"
  integrity sha512-Oei9OH4tRh0YqU3GxhX79dM/mwVgvbZJaSNaRk+bshkj0S5cfHcgYakreBjrHwatXKbz+IoIdYLxrKim2MjW0Q==

axios@^1.2.1:
  version "1.2.1"
  resolved "https://registry.yarnpkg.com/axios/-/axios-1.2.1.tgz#44cf04a3c9f0c2252ebd85975361c026cb9f864a"
  integrity sha512-I88cFiGu9ryt/tfVEi4kX2SITsvDddTajXTOFmt2uK1ZVA8LytjtdeyefdQWEf5PU8w+4SSJDoYnggflB5tW4A==
  dependencies:
    follow-redirects "^1.15.0"
    form-data "^4.0.0"
    proxy-from-env "^1.1.0"

binary-extensions@^2.0.0:
  version "2.2.0"
  resolved "https://registry.yarnpkg.com/binary-extensions/-/binary-extensions-2.2.0.tgz#75f502eeaf9ffde42fc98829645be4ea76bd9e2d"
  integrity sha512-jDctJ/IVQbZoJykoeHbhXpOlNBqGNcwXJKJog42E5HDPUwQTSdjCHdihjj0DlnheQ7blbT6dHOafNAiS8ooQKA==

bootstrap@^5.2.3:
  version "5.2.3"
  resolved "https://registry.yarnpkg.com/bootstrap/-/bootstrap-5.2.3.tgz#54739f4414de121b9785c5da3c87b37ff008322b"
  integrity sha512-cEKPM+fwb3cT8NzQZYEu4HilJ3anCrWqh3CHAok1p9jXqMPsPTBhU25fBckEJHJ/p+tTxTFTsFQGM+gaHpi3QQ==

braces@~3.0.2:
  version "3.0.2"
  resolved "https://registry.yarnpkg.com/braces/-/braces-3.0.2.tgz#3454e1a462ee8d599e236df336cd9ea4f8afe107"
  integrity sha512-b8um+L1RzM3WDSzvhm6gIz1yfTbBt6YTlcEKAvsmqCZZFw46z626lVj9j1yEPW33H5H+lBQpZMP1k8l+78Ha0A==
  dependencies:
    fill-range "^7.0.1"

"chokidar@>=3.0.0 <4.0.0":
  version "3.5.3"
  resolved "https://registry.yarnpkg.com/chokidar/-/chokidar-3.5.3.tgz#1cf37c8707b932bd1af1ae22c0432e2acd1903bd"
  integrity sha512-Dr3sfKRP6oTcjf2JmUmFJfeVMvXBdegxB0iVQ5eb2V10uFJUCAS8OByZdVAyVb8xXNz3GjjTgj9kLWsZTqE6kw==
  dependencies:
    anymatch "~3.1.2"
    braces "~3.0.2"
    glob-parent "~5.1.2"
    is-binary-path "~2.1.0"
    is-glob "~4.0.1"
    normalize-path "~3.0.0"
    readdirp "~3.6.0"
  optionalDependencies:
    fsevents "~2.3.2"

combined-stream@^1.0.8:
  version "1.0.8"
  resolved "https://registry.yarnpkg.com/combined-stream/-/combined-stream-1.0.8.tgz#c3d45a8b34fd730631a110a8a2520682b31d5a7f"
  integrity sha512-FQN4MRfuJeHf7cBbBMJFXhKSDq+2kAArBlmRBvcvFE5BB1HZKXtSFASDhdlz9zOYwxh8lDdnvmMOe/+5cdoEdg==
  dependencies:
    delayed-stream "~1.0.0"

csstype@^2.6.8:
  version "2.6.21"
  resolved "https://registry.yarnpkg.com/csstype/-/csstype-2.6.21.tgz#2efb85b7cc55c80017c66a5ad7cbd931fda3a90e"
  integrity sha512-Z1PhmomIfypOpoMjRQB70jfvy/wxT50qW08YXO5lMIJkrdq4yOTR+AW7FqutScmB9NkLwxo+jU+kZLbofZZq/w==

delayed-stream@~1.0.0:
  version "1.0.0"
  resolved "https://registry.yarnpkg.com/delayed-stream/-/delayed-stream-1.0.0.tgz#df3ae199acadfb7d440aaae0b29e2272b24ec619"
  integrity sha512-ZySD7Nf91aLB0RxL4KGrKHBXl7Eds1DAmEdcoVawXnLD7SDhpNgtuII2aAkg7a7QS41jxPSZ17p4VdGnMHk3MQ==

esbuild-android-64@0.15.18:
  version "0.15.18"
  resolved "https://registry.yarnpkg.com/esbuild-android-64/-/esbuild-android-64-0.15.18.tgz#20a7ae1416c8eaade917fb2453c1259302c637a5"
  integrity sha512-wnpt3OXRhcjfIDSZu9bnzT4/TNTDsOUvip0foZOUBG7QbSt//w3QV4FInVJxNhKc/ErhUxc5z4QjHtMi7/TbgA==

esbuild-android-arm64@0.15.18:
  version "0.15.18"
  resolved "https://registry.yarnpkg.com/esbuild-android-arm64/-/esbuild-android-arm64-0.15.18.tgz#9cc0ec60581d6ad267568f29cf4895ffdd9f2f04"
  integrity sha512-G4xu89B8FCzav9XU8EjsXacCKSG2FT7wW9J6hOc18soEHJdtWu03L3TQDGf0geNxfLTtxENKBzMSq9LlbjS8OQ==

esbuild-darwin-64@0.15.18:
  version "0.15.18"
  resolved "https://registry.yarnpkg.com/esbuild-darwin-64/-/esbuild-darwin-64-0.15.18.tgz#428e1730ea819d500808f220fbc5207aea6d4410"
  integrity sha512-2WAvs95uPnVJPuYKP0Eqx+Dl/jaYseZEUUT1sjg97TJa4oBtbAKnPnl3b5M9l51/nbx7+QAEtuummJZW0sBEmg==

esbuild-darwin-arm64@0.15.18:
  version "0.15.18"
  resolved "https://registry.yarnpkg.com/esbuild-darwin-arm64/-/esbuild-darwin-arm64-0.15.18.tgz#b6dfc7799115a2917f35970bfbc93ae50256b337"
  integrity sha512-tKPSxcTJ5OmNb1btVikATJ8NftlyNlc8BVNtyT/UAr62JFOhwHlnoPrhYWz09akBLHI9nElFVfWSTSRsrZiDUA==

esbuild-freebsd-64@0.15.18:
  version "0.15.18"
  resolved "https://registry.yarnpkg.com/esbuild-freebsd-64/-/esbuild-freebsd-64-0.15.18.tgz#4e190d9c2d1e67164619ae30a438be87d5eedaf2"
  integrity sha512-TT3uBUxkteAjR1QbsmvSsjpKjOX6UkCstr8nMr+q7zi3NuZ1oIpa8U41Y8I8dJH2fJgdC3Dj3CXO5biLQpfdZA==

esbuild-freebsd-arm64@0.15.18:
  version "0.15.18"
  resolved "https://registry.yarnpkg.com/esbuild-freebsd-arm64/-/esbuild-freebsd-arm64-0.15.18.tgz#18a4c0344ee23bd5a6d06d18c76e2fd6d3f91635"
  integrity sha512-R/oVr+X3Tkh+S0+tL41wRMbdWtpWB8hEAMsOXDumSSa6qJR89U0S/PpLXrGF7Wk/JykfpWNokERUpCeHDl47wA==

esbuild-linux-32@0.15.18:
  version "0.15.18"
  resolved "https://registry.yarnpkg.com/esbuild-linux-32/-/esbuild-linux-32-0.15.18.tgz#9a329731ee079b12262b793fb84eea762e82e0ce"
  integrity sha512-lphF3HiCSYtaa9p1DtXndiQEeQDKPl9eN/XNoBf2amEghugNuqXNZA/ZovthNE2aa4EN43WroO0B85xVSjYkbg==

esbuild-linux-64@0.15.18:
  version "0.15.18"
  resolved "https://registry.yarnpkg.com/esbuild-linux-64/-/esbuild-linux-64-0.15.18.tgz#532738075397b994467b514e524aeb520c191b6c"
  integrity sha512-hNSeP97IviD7oxLKFuii5sDPJ+QHeiFTFLoLm7NZQligur8poNOWGIgpQ7Qf8Balb69hptMZzyOBIPtY09GZYw==

esbuild-linux-arm64@0.15.18:
  version "0.15.18"
  resolved "https://registry.yarnpkg.com/esbuild-linux-arm64/-/esbuild-linux-arm64-0.15.18.tgz#5372e7993ac2da8f06b2ba313710d722b7a86e5d"
  integrity sha512-54qr8kg/6ilcxd+0V3h9rjT4qmjc0CccMVWrjOEM/pEcUzt8X62HfBSeZfT2ECpM7104mk4yfQXkosY8Quptug==

esbuild-linux-arm@0.15.18:
  version "0.15.18"
  resolved "https://registry.yarnpkg.com/esbuild-linux-arm/-/esbuild-linux-arm-0.15.18.tgz#e734aaf259a2e3d109d4886c9e81ec0f2fd9a9cc"
  integrity sha512-UH779gstRblS4aoS2qpMl3wjg7U0j+ygu3GjIeTonCcN79ZvpPee12Qun3vcdxX+37O5LFxz39XeW2I9bybMVA==

esbuild-linux-mips64le@0.15.18:
  version "0.15.18"
  resolved "https://registry.yarnpkg.com/esbuild-linux-mips64le/-/esbuild-linux-mips64le-0.15.18.tgz#c0487c14a9371a84eb08fab0e1d7b045a77105eb"
  integrity sha512-Mk6Ppwzzz3YbMl/ZZL2P0q1tnYqh/trYZ1VfNP47C31yT0K8t9s7Z077QrDA/guU60tGNp2GOwCQnp+DYv7bxQ==

esbuild-linux-ppc64le@0.15.18:
  version "0.15.18"
  resolved "https://registry.yarnpkg.com/esbuild-linux-ppc64le/-/esbuild-linux-ppc64le-0.15.18.tgz#af048ad94eed0ce32f6d5a873f7abe9115012507"
  integrity sha512-b0XkN4pL9WUulPTa/VKHx2wLCgvIAbgwABGnKMY19WhKZPT+8BxhZdqz6EgkqCLld7X5qiCY2F/bfpUUlnFZ9w==

esbuild-linux-riscv64@0.15.18:
  version "0.15.18"
  resolved "https://registry.yarnpkg.com/esbuild-linux-riscv64/-/esbuild-linux-riscv64-0.15.18.tgz#423ed4e5927bd77f842bd566972178f424d455e6"
  integrity sha512-ba2COaoF5wL6VLZWn04k+ACZjZ6NYniMSQStodFKH/Pu6RxzQqzsmjR1t9QC89VYJxBeyVPTaHuBMCejl3O/xg==

esbuild-linux-s390x@0.15.18:
  version "0.15.18"
  resolved "https://registry.yarnpkg.com/esbuild-linux-s390x/-/esbuild-linux-s390x-0.15.18.tgz#21d21eaa962a183bfb76312e5a01cc5ae48ce8eb"
  integrity sha512-VbpGuXEl5FCs1wDVp93O8UIzl3ZrglgnSQ+Hu79g7hZu6te6/YHgVJxCM2SqfIila0J3k0csfnf8VD2W7u2kzQ==

esbuild-netbsd-64@0.15.18:
  version "0.15.18"
  resolved "https://registry.yarnpkg.com/esbuild-netbsd-64/-/esbuild-netbsd-64-0.15.18.tgz#ae75682f60d08560b1fe9482bfe0173e5110b998"
  integrity sha512-98ukeCdvdX7wr1vUYQzKo4kQ0N2p27H7I11maINv73fVEXt2kyh4K4m9f35U1K43Xc2QGXlzAw0K9yoU7JUjOg==

esbuild-openbsd-64@0.15.18:
  version "0.15.18"
  resolved "https://registry.yarnpkg.com/esbuild-openbsd-64/-/esbuild-openbsd-64-0.15.18.tgz#79591a90aa3b03e4863f93beec0d2bab2853d0a8"
  integrity sha512-yK5NCcH31Uae076AyQAXeJzt/vxIo9+omZRKj1pauhk3ITuADzuOx5N2fdHrAKPxN+zH3w96uFKlY7yIn490xQ==

esbuild-sunos-64@0.15.18:
  version "0.15.18"
  resolved "https://registry.yarnpkg.com/esbuild-sunos-64/-/esbuild-sunos-64-0.15.18.tgz#fd528aa5da5374b7e1e93d36ef9b07c3dfed2971"
  integrity sha512-On22LLFlBeLNj/YF3FT+cXcyKPEI263nflYlAhz5crxtp3yRG1Ugfr7ITyxmCmjm4vbN/dGrb/B7w7U8yJR9yw==

esbuild-windows-32@0.15.18:
  version "0.15.18"
  resolved "https://registry.yarnpkg.com/esbuild-windows-32/-/esbuild-windows-32-0.15.18.tgz#0e92b66ecdf5435a76813c4bc5ccda0696f4efc3"
  integrity sha512-o+eyLu2MjVny/nt+E0uPnBxYuJHBvho8vWsC2lV61A7wwTWC3jkN2w36jtA+yv1UgYkHRihPuQsL23hsCYGcOQ==

esbuild-windows-64@0.15.18:
  version "0.15.18"
  resolved "https://registry.yarnpkg.com/esbuild-windows-64/-/esbuild-windows-64-0.15.18.tgz#0fc761d785414284fc408e7914226d33f82420d0"
  integrity sha512-qinug1iTTaIIrCorAUjR0fcBk24fjzEedFYhhispP8Oc7SFvs+XeW3YpAKiKp8dRpizl4YYAhxMjlftAMJiaUw==

esbuild-windows-arm64@0.15.18:
  version "0.15.18"
  resolved "https://registry.yarnpkg.com/esbuild-windows-arm64/-/esbuild-windows-arm64-0.15.18.tgz#5b5bdc56d341d0922ee94965c89ee120a6a86eb7"
  integrity sha512-q9bsYzegpZcLziq0zgUi5KqGVtfhjxGbnksaBFYmWLxeV/S1fK4OLdq2DFYnXcLMjlZw2L0jLsk1eGoB522WXQ==

esbuild@^0.15.9:
  version "0.15.18"
  resolved "https://registry.yarnpkg.com/esbuild/-/esbuild-0.15.18.tgz#ea894adaf3fbc036d32320a00d4d6e4978a2f36d"
  integrity sha512-x/R72SmW3sSFRm5zrrIjAhCeQSAWoni3CmHEqfQrZIQTM3lVCdehdwuIqaOtfC2slvpdlLa62GYoN8SxT23m6Q==
  optionalDependencies:
    "@esbuild/android-arm" "0.15.18"
    "@esbuild/linux-loong64" "0.15.18"
    esbuild-android-64 "0.15.18"
    esbuild-android-arm64 "0.15.18"
    esbuild-darwin-64 "0.15.18"
    esbuild-darwin-arm64 "0.15.18"
    esbuild-freebsd-64 "0.15.18"
    esbuild-freebsd-arm64 "0.15.18"
    esbuild-linux-32 "0.15.18"
    esbuild-linux-64 "0.15.18"
    esbuild-linux-arm "0.15.18"
    esbuild-linux-arm64 "0.15.18"
    esbuild-linux-mips64le "0.15.18"
    esbuild-linux-ppc64le "0.15.18"
    esbuild-linux-riscv64 "0.15.18"
    esbuild-linux-s390x "0.15.18"
    esbuild-netbsd-64 "0.15.18"
    esbuild-openbsd-64 "0.15.18"
    esbuild-sunos-64 "0.15.18"
    esbuild-windows-32 "0.15.18"
    esbuild-windows-64 "0.15.18"
    esbuild-windows-arm64 "0.15.18"

estree-walker@^2.0.2:
  version "2.0.2"
  resolved "https://registry.yarnpkg.com/estree-walker/-/estree-walker-2.0.2.tgz#52f010178c2a4c117a7757cfe942adb7d2da4cac"
  integrity sha512-Rfkk/Mp/DL7JVje3u18FxFujQlTNR2q6QfMSMB7AvCBx91NGj/ba3kCfza0f6dVDbw7YlRf/nDrn7pQrCCyQ/w==

fill-range@^7.0.1:
  version "7.0.1"
  resolved "https://registry.yarnpkg.com/fill-range/-/fill-range-7.0.1.tgz#1919a6a7c75fe38b2c7c77e5198535da9acdda40"
  integrity sha512-qOo9F+dMUmC2Lcb4BbVvnKJxTPjCm+RRpe4gDuGrzkL7mEVl/djYSu2OdQ2Pa302N4oqkSg9ir6jaLWJ2USVpQ==
  dependencies:
    to-regex-range "^5.0.1"

follow-redirects@^1.15.0:
  version "1.15.2"
  resolved "https://registry.yarnpkg.com/follow-redirects/-/follow-redirects-1.15.2.tgz#b460864144ba63f2681096f274c4e57026da2c13"
  integrity sha512-VQLG33o04KaQ8uYi2tVNbdrWp1QWxNNea+nmIB4EVM28v0hmP17z7aG1+wAkNzVq4KeXTq3221ye5qTJP91JwA==

form-data@^4.0.0:
  version "4.0.0"
  resolved "https://registry.yarnpkg.com/form-data/-/form-data-4.0.0.tgz#93919daeaf361ee529584b9b31664dc12c9fa452"
  integrity sha512-ETEklSGi5t0QMZuiXoA/Q6vcnxcLQP5vdugSpuAyi6SVGi2clPPp+xgEhuMaHC+zGgn31Kd235W35f7Hykkaww==
  dependencies:
    asynckit "^0.4.0"
    combined-stream "^1.0.8"
    mime-types "^2.1.12"

fsevents@~2.3.2:
  version "2.3.2"
  resolved "https://registry.yarnpkg.com/fsevents/-/fsevents-2.3.2.tgz#8a526f78b8fdf4623b709e0b975c52c24c02fd1a"
  integrity sha512-xiqMQR4xAeHTuB9uWm+fFRcIOgKBMiOBP+eXiyT7jsgVCq1bkVygt00oASowB7EdtpOHaaPgKt812P9ab+DDKA==

function-bind@^1.1.1:
  version "1.1.1"
  resolved "https://registry.yarnpkg.com/function-bind/-/function-bind-1.1.1.tgz#a56899d3ea3c9bab874bb9773b7c5ede92f4895d"
  integrity sha512-yIovAzMX49sF8Yl58fSCWJ5svSLuaibPxXQJFLmBObTuCr0Mf1KiPopGM9NiFjiYBCbfaa2Fh6breQ6ANVTI0A==

glob-parent@~5.1.2:
  version "5.1.2"
  resolved "https://registry.yarnpkg.com/glob-parent/-/glob-parent-5.1.2.tgz#869832c58034fe68a4093c17dc15e8340d8401c4"
  integrity sha512-AOIgSQCepiJYwP3ARnGx+5VnTu2HBYdzbGP45eLw1vr3zB3vZLeyed1sC9hnbcOc9/SrMyM5RPQrkGz4aS9Zow==
  dependencies:
    is-glob "^4.0.1"

has@^1.0.3:
  version "1.0.3"
  resolved "https://registry.yarnpkg.com/has/-/has-1.0.3.tgz#722d7cbfc1f6aa8241f16dd814e011e1f41e8796"
  integrity sha512-f2dvO0VU6Oej7RkWJGrehjbzMAjFp5/VKPp5tTpWIV4JHHZK1/BxbFRtf/siA2SWTe09caDmVtYYzWEIbBS4zw==
  dependencies:
    function-bind "^1.1.1"

immutable@^4.0.0:
  version "4.1.0"
  resolved "https://registry.yarnpkg.com/immutable/-/immutable-4.1.0.tgz#f795787f0db780183307b9eb2091fcac1f6fafef"
  integrity sha512-oNkuqVTA8jqG1Q6c+UglTOD1xhC1BtjKI7XkCXRkZHrN5m18/XsnUp8Q89GkQO/z+0WjonSvl0FLhDYftp46nQ==

is-binary-path@~2.1.0:
  version "2.1.0"
  resolved "https://registry.yarnpkg.com/is-binary-path/-/is-binary-path-2.1.0.tgz#ea1f7f3b80f064236e83470f86c09c254fb45b09"
  integrity sha512-ZMERYes6pDydyuGidse7OsHxtbI7WVeUEozgR/g7rd0xUimYNlvZRE/K2MgZTjWy725IfelLeVcEM97mmtRGXw==
  dependencies:
    binary-extensions "^2.0.0"

is-core-module@^2.9.0:
  version "2.10.0"
  resolved "https://registry.yarnpkg.com/is-core-module/-/is-core-module-2.10.0.tgz#9012ede0a91c69587e647514e1d5277019e728ed"
  integrity sha512-Erxj2n/LDAZ7H8WNJXd9tw38GYM3dv8rk8Zcs+jJuxYTW7sozH+SS8NtrSjVL1/vpLvWi1hxy96IzjJ3EHTJJg==
  dependencies:
    has "^1.0.3"

is-extglob@^2.1.1:
  version "2.1.1"
  resolved "https://registry.yarnpkg.com/is-extglob/-/is-extglob-2.1.1.tgz#a88c02535791f02ed37c76a1b9ea9773c833f8c2"
  integrity sha512-SbKbANkN603Vi4jEZv49LeVJMn4yGwsbzZworEoyEiutsN3nJYdbO36zfhGJ6QEDpOZIFkDtnq5JRxmvl3jsoQ==

is-glob@^4.0.1, is-glob@~4.0.1:
  version "4.0.3"
  resolved "https://registry.yarnpkg.com/is-glob/-/is-glob-4.0.3.tgz#64f61e42cbbb2eec2071a9dac0b28ba1e65d5084"
  integrity sha512-xelSayHH36ZgE7ZWhli7pW34hNbNl8Ojv5KVmkJD4hBdD3th8Tfk9vYasLM+mXWOZhFkgZfxhLSnrwRr4elSSg==
  dependencies:
    is-extglob "^2.1.1"

is-number@^7.0.0:
  version "7.0.0"
  resolved "https://registry.yarnpkg.com/is-number/-/is-number-7.0.0.tgz#7535345b896734d5f80c4d06c50955527a14f12b"
  integrity sha512-41Cifkg6e8TylSpdtTpeLVMqvSBEVzTttHvERD741+pnZ8ANv0004MRL43QKPDlK9cGvNp6NZWZUBlbGXYxxng==

js-cookie@^3.0.1:
  version "3.0.1"
  resolved "https://registry.yarnpkg.com/js-cookie/-/js-cookie-3.0.1.tgz#9e39b4c6c2f56563708d7d31f6f5f21873a92414"
  integrity sha512-+0rgsUXZu4ncpPxRL+lNEptWMOWl9etvPHc/koSRp6MPwpRYAhmk0dUG00J4bxVV3r9uUzfo24wW0knS07SKSw==

laravel-vite-plugin@^0.7.1:
  version "0.7.1"
  resolved "https://registry.yarnpkg.com/laravel-vite-plugin/-/laravel-vite-plugin-0.7.1.tgz#86293247a234ede0c75eca92191559bc854c5528"
  integrity sha512-nz2slMkGyabfEnXYsQnDJHCefQBdIJgeTkm2wgWEYbAaddwLzTSjmhT1diRm9TUYwIrNqlbuPNVD3VYy/kP9Wg==
  dependencies:
    vite-plugin-full-reload "^1.0.1"

laravel-vue-pagination@^3.0.0:
  version "3.0.0"
  resolved "https://registry.yarnpkg.com/laravel-vue-pagination/-/laravel-vue-pagination-3.0.0.tgz#4ac25b32538902ceb8cb6d2435669b576f3e6889"
  integrity sha512-kskpo+1Ciz1uo1VWjgnwdeBv6M6sF3Hus/VnwFvPOUSpfsR/WVaE+nCN2QOE0FBcV5e32o/Nel5397Q8pgWQQg==
  dependencies:
    vue "^3.2.25"

lodash@^4.17.21:
  version "4.17.21"
  resolved "https://registry.yarnpkg.com/lodash/-/lodash-4.17.21.tgz#679591c564c3bffaae8454cf0b3df370c3d6911c"
  integrity sha512-v2kDEe57lecTulaDIuNTPy3Ry4gLGJ6Z1O3vE1krgXZNrsQ+LFTGHVxVjcXPs17LhbZVGedAJv8XZ1tvj5FvSg==

magic-string@^0.25.7:
  version "0.25.9"
  resolved "https://registry.yarnpkg.com/magic-string/-/magic-string-0.25.9.tgz#de7f9faf91ef8a1c91d02c2e5314c8277dbcdd1c"
  integrity sha512-RmF0AsMzgt25qzqqLc1+MbHmhdx0ojF2Fvs4XnOqz2ZOBXzzkEwc/dJQZCYHAn7v1jbVOjAZfK8msRn4BxO4VQ==
  dependencies:
    sourcemap-codec "^1.4.8"

mime-db@1.52.0:
  version "1.52.0"
  resolved "https://registry.yarnpkg.com/mime-db/-/mime-db-1.52.0.tgz#bbabcdc02859f4987301c856e3387ce5ec43bf70"
  integrity sha512-sPU4uV7dYlvtWJxwwxHD0PuihVNiE7TyAbQ5SWxDCB9mUYvOgroQOwYQQOKPJ8CIbE+1ETVlOoK1UC2nU3gYvg==

mime-types@^2.1.12:
  version "2.1.35"
  resolved "https://registry.yarnpkg.com/mime-types/-/mime-types-2.1.35.tgz#381a871b62a734450660ae3deee44813f70d959a"
  integrity sha512-ZDY+bPm5zTTF+YpCrAU9nK0UgICYPT0QtT1NZWFv4s++TNkcgVaT0g6+4R2uI4MjQjzysHB1zxuWL50hzaeXiw==
  dependencies:
    mime-db "1.52.0"

nanoid@^3.3.4:
  version "3.3.4"
  resolved "https://registry.yarnpkg.com/nanoid/-/nanoid-3.3.4.tgz#730b67e3cd09e2deacf03c027c81c9d9dbc5e8ab"
  integrity sha512-MqBkQh/OHTS2egovRtLk45wEyNXwF+cokD+1YPf9u5VfJiRdAiRwB2froX5Co9Rh20xs4siNPm8naNotSD6RBw==

normalize-path@^3.0.0, normalize-path@~3.0.0:
  version "3.0.0"
  resolved "https://registry.yarnpkg.com/normalize-path/-/normalize-path-3.0.0.tgz#0dcd69ff23a1c9b11fd0978316644a0388216a65"
  integrity sha512-6eZs5Ls3WtCisHWp9S2GUy8dqkpGi4BVSz3GaqiE6ezub0512ESztXUwUB6C6IKbQkY2Pnb/mD4WYojCRwcwLA==

path-parse@^1.0.7:
  version "1.0.7"
  resolved "https://registry.yarnpkg.com/path-parse/-/path-parse-1.0.7.tgz#fbc114b60ca42b30d9daf5858e4bd68bbedb6735"
  integrity sha512-LDJzPVEEEPR+y48z93A0Ed0yXb8pAByGWo/k5YYdYgpY2/2EsOsksJrq7lOHxryrVOn1ejG6oAp8ahvOIQD8sw==

picocolors@^1.0.0:
  version "1.0.0"
  resolved "https://registry.yarnpkg.com/picocolors/-/picocolors-1.0.0.tgz#cb5bdc74ff3f51892236eaf79d68bc44564ab81c"
  integrity sha512-1fygroTLlHu66zi26VoTDv8yRgm0Fccecssto+MhsZ0D/DGW2sm8E8AjW7NU5VVTRt5GxbeZ5qBuJr+HyLYkjQ==

picomatch@^2.0.4, picomatch@^2.2.1, picomatch@^2.3.1:
  version "2.3.1"
  resolved "https://registry.yarnpkg.com/picomatch/-/picomatch-2.3.1.tgz#3ba3833733646d9d3e4995946c1365a67fb07a42"
  integrity sha512-JU3teHTNjmE2VCGFzuY8EXzCDVwEqB2a8fsIvwaStHhAWJEeVd1o1QD80CU6+ZdEXXSLbSsuLwJjkCBWqRQUVA==

postcss@^8.1.10, postcss@^8.1.14:
  version "8.4.17"
  resolved "https://registry.yarnpkg.com/postcss/-/postcss-8.4.17.tgz#f87863ec7cd353f81f7ab2dec5d67d861bbb1be5"
  integrity sha512-UNxNOLQydcOFi41yHNMcKRZ39NeXlr8AxGuZJsdub8vIb12fHzcq37DTU/QtbI6WLxNg2gF9Z+8qtRwTj1UI1Q==
  dependencies:
    nanoid "^3.3.4"
    picocolors "^1.0.0"
    source-map-js "^1.0.2"

postcss@^8.4.18:
  version "8.4.19"
  resolved "https://registry.yarnpkg.com/postcss/-/postcss-8.4.19.tgz#61178e2add236b17351897c8bcc0b4c8ecab56fc"
  integrity sha512-h+pbPsyhlYj6N2ozBmHhHrs9DzGmbaarbLvWipMRO7RLS+v4onj26MPFXA5OBYFxyqYhUJK456SwDcY9H2/zsA==
  dependencies:
    nanoid "^3.3.4"
    picocolors "^1.0.0"
    source-map-js "^1.0.2"

proxy-from-env@^1.1.0:
  version "1.1.0"
  resolved "https://registry.yarnpkg.com/proxy-from-env/-/proxy-from-env-1.1.0.tgz#e102f16ca355424865755d2c9e8ea4f24d58c3e2"
  integrity sha512-D+zkORCbA9f1tdWRK0RaCR3GPv50cMxcrz4X8k5LTSUD1Dkw47mKJEZQNunItRTkWwgtaUSo1RVFRIG9ZXiFYg==

readdirp@~3.6.0:
  version "3.6.0"
  resolved "https://registry.yarnpkg.com/readdirp/-/readdirp-3.6.0.tgz#74a370bd857116e245b29cc97340cd431a02a6c7"
  integrity sha512-hOS089on8RduqdbhvQ5Z37A0ESjsqz6qnRcffsMU3495FuTdqSm+7bhJ29JvIOsBDEEnan5DPu9t3To9VRlMzA==
  dependencies:
    picomatch "^2.2.1"

resolve@^1.22.1:
  version "1.22.1"
  resolved "https://registry.yarnpkg.com/resolve/-/resolve-1.22.1.tgz#27cb2ebb53f91abb49470a928bba7558066ac177"
  integrity sha512-nBpuuYuY5jFsli/JIs1oldw6fOQCBioohqWZg/2hiaOybXOft4lonv85uDOKXdf8rhyK159cxU5cDcK/NKk8zw==
  dependencies:
    is-core-module "^2.9.0"
    path-parse "^1.0.7"
    supports-preserve-symlinks-flag "^1.0.0"

rollup@^2.79.1:
  version "2.79.1"
  resolved "https://registry.yarnpkg.com/rollup/-/rollup-2.79.1.tgz#bedee8faef7c9f93a2647ac0108748f497f081c7"
  integrity sha512-uKxbd0IhMZOhjAiD5oAFp7BqvkA4Dv47qpOCtaNvng4HBwdbWtdOh8f5nZNuk2rp51PMGk3bzfWu5oayNEuYnw==
  optionalDependencies:
    fsevents "~2.3.2"

sass@^1.32.11:
  version "1.55.0"
  resolved "https://registry.yarnpkg.com/sass/-/sass-1.55.0.tgz#0c4d3c293cfe8f8a2e8d3b666e1cf1bff8065d1c"
  integrity sha512-Pk+PMy7OGLs9WaxZGJMn7S96dvlyVBwwtToX895WmCpAOr5YiJYEUJfiJidMuKb613z2xNWcXCHEuOvjZbqC6A==
  dependencies:
    chokidar ">=3.0.0 <4.0.0"
    immutable "^4.0.0"
    source-map-js ">=0.6.2 <2.0.0"

"source-map-js@>=0.6.2 <2.0.0", source-map-js@^1.0.2:
  version "1.0.2"
  resolved "https://registry.yarnpkg.com/source-map-js/-/source-map-js-1.0.2.tgz#adbc361d9c62df380125e7f161f71c826f1e490c"
  integrity sha512-R0XvVJ9WusLiqTCEiGCmICCMplcCkIwwR11mOSD9CR5u+IXYdiseeEuXCVAjS54zqwkLcPNnmU4OeJ6tUrWhDw==

source-map@^0.6.1:
  version "0.6.1"
  resolved "https://registry.yarnpkg.com/source-map/-/source-map-0.6.1.tgz#74722af32e9614e9c287a8d0bbde48b5e2f1a263"
  integrity sha512-UjgapumWlbMhkBgzT7Ykc5YXUT46F0iKu8SGXq0bcwP5dz/h0Plj6enJqjz1Zbq2l5WaqYnrVbwWOWMyF3F47g==

sourcemap-codec@^1.4.8:
  version "1.4.8"
  resolved "https://registry.yarnpkg.com/sourcemap-codec/-/sourcemap-codec-1.4.8.tgz#ea804bd94857402e6992d05a38ef1ae35a9ab4c4"
  integrity sha512-9NykojV5Uih4lgo5So5dtw+f0JgJX30KCNI8gwhz2J9A15wD0Ml6tjHKwf6fTSa6fAdVBdZeNOs9eJ71qCk8vA==

supports-preserve-symlinks-flag@^1.0.0:
  version "1.0.0"
  resolved "https://registry.yarnpkg.com/supports-preserve-symlinks-flag/-/supports-preserve-symlinks-flag-1.0.0.tgz#6eda4bd344a3c94aea376d4cc31bc77311039e09"
  integrity sha512-ot0WnXS9fgdkgIcePe6RHNk1WA8+muPa6cSjeR3V8K27q9BB1rTE3R1p7Hv0z1ZyAc8s6Vvv8DIyWf681MAt0w==

sweetalert2@11.x:
  version "11.4.35"
  resolved "https://registry.yarnpkg.com/sweetalert2/-/sweetalert2-11.4.35.tgz#61ee8591798bc82c5ca23479406c0f367c9eb108"
  integrity sha512-nifH7Hd8oSIO8qf6GHhob6xZK2KoX7+EalTFm3nHshdQ38TY/r0m/QiuJCDL0cTGbRhzMWL7WYBSA3fjnh+F1g==

to-regex-range@^5.0.1:
  version "5.0.1"
  resolved "https://registry.yarnpkg.com/to-regex-range/-/to-regex-range-5.0.1.tgz#1648c44aae7c8d988a326018ed72f5b4dd0392e4"
  integrity sha512-65P7iz6X5yEr1cwcgvQxbbIw7Uk3gOy5dIdtZ4rDveLqhrdJP+Li/Hx6tyK0NEb+2GCyneCMJiGqrADCSNk8sQ==
  dependencies:
    is-number "^7.0.0"

vee-validate@^4.7.3:
  version "4.7.3"
  resolved "https://registry.yarnpkg.com/vee-validate/-/vee-validate-4.7.3.tgz#0200c2f1151d28d9fb6fdb6c59c01170146094be"
  integrity sha512-1MwHLOzCrabSeChySZVVMamWStcucM1hHxapoebY9mJ7KWOvncMG19a7AlPl38zpE9pcD+G3CHKLvviGmTl5BQ==
  dependencies:
    "@vue/devtools-api" "^6.1.4"

vite-plugin-full-reload@^1.0.1:
  version "1.0.4"
  resolved "https://registry.yarnpkg.com/vite-plugin-full-reload/-/vite-plugin-full-reload-1.0.4.tgz#3fecd446f9accd5af01eb0328f6d161dca7cfc45"
  integrity sha512-9WejQII6zJ++m/YE173Zvl2jq4cqa404KNrVT+JDzDnqaGRq5UvOvA48fnsSWPIMXFV7S0dq5+sZqcSB+tKBgA==
  dependencies:
    picocolors "^1.0.0"
    picomatch "^2.3.1"

vite@^3.2.5:
  version "3.2.5"
  resolved "https://registry.yarnpkg.com/vite/-/vite-3.2.5.tgz#dee5678172a8a0ab3e547ad4148c3d547f90e86a"
  integrity sha512-4mVEpXpSOgrssFZAOmGIr85wPHKvaDAcXqxVxVRZhljkJOMZi1ibLibzjLHzJvcok8BMguLc7g1W6W/GqZbLdQ==
  dependencies:
    esbuild "^0.15.9"
    postcss "^8.4.18"
    resolve "^1.22.1"
    rollup "^2.79.1"
  optionalDependencies:
    fsevents "~2.3.2"

vue-router@^4.1.6:
  version "4.1.6"
  resolved "https://registry.yarnpkg.com/vue-router/-/vue-router-4.1.6.tgz#b70303737e12b4814578d21d68d21618469375a1"
  integrity sha512-DYWYwsG6xNPmLq/FmZn8Ip+qrhFEzA14EI12MsMgVxvHFDYvlr4NXpVF5hrRH1wVcDP8fGi5F4rxuJSl8/r+EQ==
  dependencies:
    "@vue/devtools-api" "^6.4.5"

vue-select@^4.0.0-beta.5:
  version "4.0.0-beta.5"
  resolved "https://registry.yarnpkg.com/vue-select/-/vue-select-4.0.0-beta.5.tgz#7310f9c4db1320ebf3f99622cb4b5fc231ce8038"
  integrity sha512-W9alTe9NwVn2GR9QFW5CbrX47yghEaJCpUVs9JTv9Q7CWmsNPp5kIlETdke4aFHphZvyjDUlyvH/7/8XzfVZkw==

vue-sweetalert2@^5.0.5:
  version "5.0.5"
  resolved "https://registry.yarnpkg.com/vue-sweetalert2/-/vue-sweetalert2-5.0.5.tgz#298663884149c7675d514490d1389f0614d875c0"
  integrity sha512-Q7+TjQxNwGruT2jfPaSKMz18HHWs81r4umEwlrrtOf/QL5Iwl1T+tUaNkcvKB7Rf9rYftubt7NnOMjfDMnDH3A==
  dependencies:
    sweetalert2 "11.x"

vue@^3.2.25:
  version "3.2.40"
  resolved "https://registry.yarnpkg.com/vue/-/vue-3.2.40.tgz#23f387f6f9b3a0767938db6751e4fb5900f0ee34"
  integrity sha512-1mGHulzUbl2Nk3pfvI5aXYYyJUs1nm4kyvuz38u4xlQkLUn1i2R7nDbI4TufECmY8v1qNBHYy62bCaM+3cHP2A==
  dependencies:
    "@vue/compiler-dom" "3.2.40"
    "@vue/compiler-sfc" "3.2.40"
    "@vue/runtime-dom" "3.2.40"
    "@vue/server-renderer" "3.2.40"
    "@vue/shared" "3.2.40"

vue@^3.2.45:
  version "3.2.45"
  resolved "https://registry.yarnpkg.com/vue/-/vue-3.2.45.tgz#94a116784447eb7dbd892167784619fef379b3c8"
  integrity sha512-9Nx/Mg2b2xWlXykmCwiTUCWHbWIj53bnkizBxKai1g61f2Xit700A1ljowpTIM11e3uipOeiPcSqnmBg6gyiaA==
  dependencies:
    "@vue/compiler-dom" "3.2.45"
    "@vue/compiler-sfc" "3.2.45"
    "@vue/runtime-dom" "3.2.45"
    "@vue/server-renderer" "3.2.45"
    "@vue/shared" "3.2.45"

vuex@^4.1.0:
  version "4.1.0"
  resolved "https://registry.yarnpkg.com/vuex/-/vuex-4.1.0.tgz#aa1b3ea5c7385812b074c86faeeec2217872e36c"
  integrity sha512-hmV6UerDrPcgbSy9ORAtNXDr9M4wlNP4pEFKye4ujJF8oqgFFuxDCdOLS3eNoRTtq5O3hoBDh9Doj1bQMYHRbQ==
  dependencies:
    "@vue/devtools-api" "^6.0.0-beta.11"
